// !$*UTF8*$!
{
	archiveVersion = 1;
	classes = {
	};
	objectVersion = 46;
	objects = {

/* Begin PBXBuildFile section */
		27A948614B4BC6F00B51C36C /* libPods-Menu-MenuTests.a in Frameworks */ = {isa = PBXBuildFile; fileRef = 6E1E0EBBC2174D782E8F931F /* libPods-Menu-MenuTests.a */; };
		958E4DFF15F11D518805F20C /* libPods-Menu.a in Frameworks */ = {isa = PBXBuildFile; fileRef = 7B78C1725A0BA1A773547C8B /* libPods-Menu.a */; };
		C9067A481B5C29BA005FF260 /* BRMenuMappingPostProcessorTests.m in Sources */ = {isa = PBXBuildFile; fileRef = C9067A471B5C29BA005FF260 /* BRMenuMappingPostProcessorTests.m */; };
		C9067A571B5C312F005FF260 /* menu.json in Resources */ = {isa = PBXBuildFile; fileRef = C9067A4B1B5C312F005FF260 /* menu.json */; };
		C9067A581B5C312F005FF260 /* menuitem.json in Resources */ = {isa = PBXBuildFile; fileRef = C9067A4C1B5C312F005FF260 /* menuitem.json */; };
		C9067A591B5C312F005FF260 /* menuitemcomponent.json in Resources */ = {isa = PBXBuildFile; fileRef = C9067A4D1B5C312F005FF260 /* menuitemcomponent.json */; };
		C9067A5A1B5C312F005FF260 /* menuitemcomponentgroup-nested.json in Resources */ = {isa = PBXBuildFile; fileRef = C9067A4E1B5C312F005FF260 /* menuitemcomponentgroup-nested.json */; };
		C9067A5B1B5C312F005FF260 /* menuitemcomponentgroup.json in Resources */ = {isa = PBXBuildFile; fileRef = C9067A4F1B5C312F005FF260 /* menuitemcomponentgroup.json */; };
		C9067A5C1B5C312F005FF260 /* menuitemgroup.json in Resources */ = {isa = PBXBuildFile; fileRef = C9067A501B5C312F005FF260 /* menuitemgroup.json */; };
		C9067A5D1B5C312F005FF260 /* menuitemtag.json in Resources */ = {isa = PBXBuildFile; fileRef = C9067A511B5C312F005FF260 /* menuitemtag.json */; };
		C9067A5E1B5C312F005FF260 /* menu-donuts.json in Resources */ = {isa = PBXBuildFile; fileRef = C9067A531B5C312F005FF260 /* menu-donuts.json */; };
		C9067A5F1B5C312F005FF260 /* menu-lunchstop.json in Resources */ = {isa = PBXBuildFile; fileRef = C9067A541B5C312F005FF260 /* menu-lunchstop.json */; };
		C9067A601B5C312F005FF260 /* menu-pizza.json in Resources */ = {isa = PBXBuildFile; fileRef = C9067A551B5C312F005FF260 /* menu-pizza.json */; };
		C9067A611B5C312F005FF260 /* menu-shakeshack.json in Resources */ = {isa = PBXBuildFile; fileRef = C9067A561B5C312F005FF260 /* menu-shakeshack.json */; };
		C9067A641B5C49FC005FF260 /* BRMenuRestKitMappingTests.m in Sources */ = {isa = PBXBuildFile; fileRef = C9067A631B5C49FC005FF260 /* BRMenuRestKitMappingTests.m */; };
		C9067A671B5C4B6C005FF260 /* BRMenuRestKitTestingSupport.m in Sources */ = {isa = PBXBuildFile; fileRef = C9067A661B5C4B6C005FF260 /* BRMenuRestKitTestingSupport.m */; };
		C9067A6A1B5C5491005FF260 /* BRMenuRestKitTestingMapper.m in Sources */ = {isa = PBXBuildFile; fileRef = C9067A691B5C5491005FF260 /* BRMenuRestKitTestingMapper.m */; };
		C9067A701B5C69CD005FF260 /* BRMenuItemGroupRestKitMappingTests.m in Sources */ = {isa = PBXBuildFile; fileRef = C9067A6F1B5C69CD005FF260 /* BRMenuItemGroupRestKitMappingTests.m */; };
		C9067A7D1B5C8B4B005FF260 /* BRMenuRestKitNetworkMappingTests.m in Sources */ = {isa = PBXBuildFile; fileRef = C9067A7C1B5C8B4B005FF260 /* BRMenuRestKitNetworkMappingTests.m */; };
		C9067A801B5C8B8A005FF260 /* BRMenuNetworkingTestingSupport.m in Sources */ = {isa = PBXBuildFile; fileRef = C9067A7F1B5C8B8A005FF260 /* BRMenuNetworkingTestingSupport.m */; };
		C9067A831B5CAF25005FF260 /* BRMenuOrderTests.m in Sources */ = {isa = PBXBuildFile; fileRef = C9067A821B5CAF25005FF260 /* BRMenuOrderTests.m */; };
		C9067A871B5CB8BC005FF260 /* BRMenuTestingMenuProvider.m in Sources */ = {isa = PBXBuildFile; fileRef = C9067A861B5CB8BC005FF260 /* BRMenuTestingMenuProvider.m */; };
		C9067A8C1B5CBEF5005FF260 /* BRMenuMetadataRestKitMappingTests.m in Sources */ = {isa = PBXBuildFile; fileRef = C9067A8B1B5CBEF5005FF260 /* BRMenuMetadataRestKitMappingTests.m */; };
		C9067A8E1B5CC0A1005FF260 /* menumetadata.json in Resources */ = {isa = PBXBuildFile; fileRef = C9067A8D1B5CC0A1005FF260 /* menumetadata.json */; };
		C92AEEF91B5F10630005AC79 /* BRMenuBarButtonItemView.m in Sources */ = {isa = PBXBuildFile; fileRef = C92AEEF51B5F10630005AC79 /* BRMenuBarButtonItemView.m */; };
		C92AEEFA1B5F10630005AC79 /* BRMenuBackBarButtonItemView.m in Sources */ = {isa = PBXBuildFile; fileRef = C92AEEF71B5F10630005AC79 /* BRMenuBackBarButtonItemView.m */; };
		C92AEEFE1B5F56D50005AC79 /* BRMenuFlipToggleButton.m in Sources */ = {isa = PBXBuildFile; fileRef = C92AEEFD1B5F56D50005AC79 /* BRMenuFlipToggleButton.m */; };
		C957D2E01B60B30300AD224C /* BRMenuLightHeavyQuantityButton.m in Sources */ = {isa = PBXBuildFile; fileRef = C957D2DF1B60B30300AD224C /* BRMenuLightHeavyQuantityButton.m */; };
		C957D2E31B60B76B00AD224C /* BRMenuFilledToggleButton.m in Sources */ = {isa = PBXBuildFile; fileRef = C957D2E21B60B76B00AD224C /* BRMenuFilledToggleButton.m */; };
		C9819DB71B616812008A1393 /* BRMenuNavigationTitleView.m in Sources */ = {isa = PBXBuildFile; fileRef = C9819DB61B616812008A1393 /* BRMenuNavigationTitleView.m */; };
		C9819DC31B61A754008A1393 /* UIView+BRMenuUIStyle.m in Sources */ = {isa = PBXBuildFile; fileRef = C9819DC21B61A754008A1393 /* UIView+BRMenuUIStyle.m */; };
		C9819DD11B61CEE8008A1393 /* BRMenuOrderingViewController.m in Sources */ = {isa = PBXBuildFile; fileRef = C9819DD01B61CEE8008A1393 /* BRMenuOrderingViewController.m */; };
		C9819DD71B61EE94008A1393 /* BRMenuItemObjectCell.m in Sources */ = {isa = PBXBuildFile; fileRef = C9819DD61B61EE94008A1393 /* BRMenuItemObjectCell.m */; };
		C9819DDA1B62D38E008A1393 /* BRMenuFitToWidthLabel.m in Sources */ = {isa = PBXBuildFile; fileRef = C9819DD81B62D38E008A1393 /* BRMenuFitToWidthLabel.m */; };
		C9819DDD1B6319A8008A1393 /* NSNumberFormatter+BRMenu.m in Sources */ = {isa = PBXBuildFile; fileRef = C9819DDC1B6319A8008A1393 /* NSNumberFormatter+BRMenu.m */; };
		C98883601B58820D0049491C /* libMenu.a in Frameworks */ = {isa = PBXBuildFile; fileRef = C98883541B58820D0049491C /* libMenu.a */; };
		C988839B1B5883A60049491C /* BRMenuOrderItemAttributesProxyTests.m in Sources */ = {isa = PBXBuildFile; fileRef = C98883991B5883A60049491C /* BRMenuOrderItemAttributesProxyTests.m */; };
		C988839C1B5883A60049491C /* BRMenuOrderItemTests.m in Sources */ = {isa = PBXBuildFile; fileRef = C988839A1B5883A60049491C /* BRMenuOrderItemTests.m */; };
		C9B812841B5D7B040014CBCB /* BRMenuAFHTTPResponseSerializer.m in Sources */ = {isa = PBXBuildFile; fileRef = C9B8127B1B5D7B040014CBCB /* BRMenuAFHTTPResponseSerializer.m */; };
		C9B812851B5D7B040014CBCB /* BRMenuRestKitDataMapper.m in Sources */ = {isa = PBXBuildFile; fileRef = C9B8127E1B5D7B040014CBCB /* BRMenuRestKitDataMapper.m */; };
		C9B8128C1B5D7B5C0014CBCB /* BRMenuMappingRestKit.m in Sources */ = {isa = PBXBuildFile; fileRef = C9B812881B5D7B5C0014CBCB /* BRMenuMappingRestKit.m */; };
		C9B8128D1B5D7B5C0014CBCB /* BRMenuMappingRestKitPostProcessor.m in Sources */ = {isa = PBXBuildFile; fileRef = C9B8128B1B5D7B5C0014CBCB /* BRMenuMappingRestKitPostProcessor.m */; };
		C9B812AD1B5D7BA70014CBCB /* BRMenu.m in Sources */ = {isa = PBXBuildFile; fileRef = C9B8128F1B5D7BA70014CBCB /* BRMenu.m */; };
		C9B812AE1B5D7BA70014CBCB /* BRMenuItem.m in Sources */ = {isa = PBXBuildFile; fileRef = C9B812921B5D7BA70014CBCB /* BRMenuItem.m */; };
		C9B812AF1B5D7BA70014CBCB /* BRMenuItemComponent.m in Sources */ = {isa = PBXBuildFile; fileRef = C9B812941B5D7BA70014CBCB /* BRMenuItemComponent.m */; };
		C9B812B01B5D7BA70014CBCB /* BRMenuItemComponentGroup.m in Sources */ = {isa = PBXBuildFile; fileRef = C9B812961B5D7BA70014CBCB /* BRMenuItemComponentGroup.m */; };
		C9B812B11B5D7BA70014CBCB /* BRMenuItemGroup.m in Sources */ = {isa = PBXBuildFile; fileRef = C9B812981B5D7BA70014CBCB /* BRMenuItemGroup.m */; };
		C9B812B21B5D7BA70014CBCB /* BRMenuItemTag.m in Sources */ = {isa = PBXBuildFile; fileRef = C9B8129B1B5D7BA70014CBCB /* BRMenuItemTag.m */; };
		C9B812B31B5D7BA70014CBCB /* BRMenuMappingPostProcessor.m in Sources */ = {isa = PBXBuildFile; fileRef = C9B8129D1B5D7BA70014CBCB /* BRMenuMappingPostProcessor.m */; };
		C9B812B41B5D7BA70014CBCB /* BRMenuMetadata.m in Sources */ = {isa = PBXBuildFile; fileRef = C9B8129F1B5D7BA70014CBCB /* BRMenuMetadata.m */; };
		C9B812B51B5D7BA70014CBCB /* BRMenuOrder.m in Sources */ = {isa = PBXBuildFile; fileRef = C9B812A11B5D7BA70014CBCB /* BRMenuOrder.m */; };
		C9B812B61B5D7BA70014CBCB /* BRMenuOrder+Encoding.m in Sources */ = {isa = PBXBuildFile; fileRef = C9B812A31B5D7BA70014CBCB /* BRMenuOrder+Encoding.m */; };
		C9B812B71B5D7BA70014CBCB /* BRMenuOrderItem.m in Sources */ = {isa = PBXBuildFile; fileRef = C9B812A51B5D7BA70014CBCB /* BRMenuOrderItem.m */; };
		C9B812B81B5D7BA70014CBCB /* BRMenuOrderItemAttributes.m in Sources */ = {isa = PBXBuildFile; fileRef = C9B812A71B5D7BA70014CBCB /* BRMenuOrderItemAttributes.m */; };
		C9B812B91B5D7BA70014CBCB /* BRMenuOrderItemAttributesProxy.m in Sources */ = {isa = PBXBuildFile; fileRef = C9B812A91B5D7BA70014CBCB /* BRMenuOrderItemAttributesProxy.m */; };
		C9B812BA1B5D7BA70014CBCB /* BRMenuOrderItemComponent.m in Sources */ = {isa = PBXBuildFile; fileRef = C9B812AB1B5D7BA70014CBCB /* BRMenuOrderItemComponent.m */; };
		C9B812BE1B5DD5800014CBCB /* BRMenuStepper.m in Sources */ = {isa = PBXBuildFile; fileRef = C9B812BD1B5DD5800014CBCB /* BRMenuStepper.m */; };
		C9B812C11B5DD5DB0014CBCB /* BRMenuPlusMinusButton.m in Sources */ = {isa = PBXBuildFile; fileRef = C9B812C01B5DD5DB0014CBCB /* BRMenuPlusMinusButton.m */; };
		C9B812C41B5DD6D70014CBCB /* BRMenuUIStyle.m in Sources */ = {isa = PBXBuildFile; fileRef = C9B812C31B5DD6D70014CBCB /* BRMenuUIStyle.m */; };
		C9C909251B60248600DDF191 /* BRMenuLeftRightPlacementButton.m in Sources */ = {isa = PBXBuildFile; fileRef = C9C909241B60248600DDF191 /* BRMenuLeftRightPlacementButton.m */; };
/* End PBXBuildFile section */

/* Begin PBXContainerItemProxy section */
		C98883611B58820D0049491C /* PBXContainerItemProxy */ = {
			isa = PBXContainerItemProxy;
			containerPortal = C988834C1B58820D0049491C /* Project object */;
			proxyType = 1;
			remoteGlobalIDString = C98883531B58820D0049491C;
			remoteInfo = Menu;
		};
/* End PBXContainerItemProxy section */

/* Begin PBXCopyFilesBuildPhase section */
		C98883521B58820D0049491C /* CopyFiles */ = {
			isa = PBXCopyFilesBuildPhase;
			buildActionMask = 2147483647;
			dstPath = "include/$(PRODUCT_NAME)";
			dstSubfolderSpec = 16;
			files = (
			);
			runOnlyForDeploymentPostprocessing = 0;
		};
/* End PBXCopyFilesBuildPhase section */

/* Begin PBXFileReference section */
		0B0B34C34A1C063F0D2F6B6C /* Pods-Menu-MenuTests.debug.xcconfig */ = {isa = PBXFileReference; includeInIndex = 1; lastKnownFileType = text.xcconfig; name = "Pods-Menu-MenuTests.debug.xcconfig"; path = "Pods/Target Support Files/Pods-Menu-MenuTests/Pods-Menu-MenuTests.debug.xcconfig"; sourceTree = "<group>"; };
		6E1E0EBBC2174D782E8F931F /* libPods-Menu-MenuTests.a */ = {isa = PBXFileReference; explicitFileType = archive.ar; includeInIndex = 0; path = "libPods-Menu-MenuTests.a"; sourceTree = BUILT_PRODUCTS_DIR; };
		7B78C1725A0BA1A773547C8B /* libPods-Menu.a */ = {isa = PBXFileReference; explicitFileType = archive.ar; includeInIndex = 0; path = "libPods-Menu.a"; sourceTree = BUILT_PRODUCTS_DIR; };
		7EEDB70F5466A7BAC95BC19E /* Pods-MenuTests.debug.xcconfig */ = {isa = PBXFileReference; includeInIndex = 1; lastKnownFileType = text.xcconfig; name = "Pods-MenuTests.debug.xcconfig"; path = "Pods/Target Support Files/Pods-MenuTests/Pods-MenuTests.debug.xcconfig"; sourceTree = "<group>"; };
		8C24D9343616C83D928D40D2 /* Pods-Menu.release.xcconfig */ = {isa = PBXFileReference; includeInIndex = 1; lastKnownFileType = text.xcconfig; name = "Pods-Menu.release.xcconfig"; path = "Pods/Target Support Files/Pods-Menu/Pods-Menu.release.xcconfig"; sourceTree = "<group>"; };
		BBC3F2F86A0E48FB00973123 /* Pods-Menu.debug.xcconfig */ = {isa = PBXFileReference; includeInIndex = 1; lastKnownFileType = text.xcconfig; name = "Pods-Menu.debug.xcconfig"; path = "Pods/Target Support Files/Pods-Menu/Pods-Menu.debug.xcconfig"; sourceTree = "<group>"; };
		C9067A471B5C29BA005FF260 /* BRMenuMappingPostProcessorTests.m */ = {isa = PBXFileReference; fileEncoding = 4; lastKnownFileType = sourcecode.c.objc; path = BRMenuMappingPostProcessorTests.m; sourceTree = "<group>"; };
		C9067A4B1B5C312F005FF260 /* menu.json */ = {isa = PBXFileReference; fileEncoding = 4; lastKnownFileType = text.json; path = menu.json; sourceTree = "<group>"; };
		C9067A4C1B5C312F005FF260 /* menuitem.json */ = {isa = PBXFileReference; fileEncoding = 4; lastKnownFileType = text.json; path = menuitem.json; sourceTree = "<group>"; };
		C9067A4D1B5C312F005FF260 /* menuitemcomponent.json */ = {isa = PBXFileReference; fileEncoding = 4; lastKnownFileType = text.json; path = menuitemcomponent.json; sourceTree = "<group>"; };
		C9067A4E1B5C312F005FF260 /* menuitemcomponentgroup-nested.json */ = {isa = PBXFileReference; fileEncoding = 4; lastKnownFileType = text.json; path = "menuitemcomponentgroup-nested.json"; sourceTree = "<group>"; };
		C9067A4F1B5C312F005FF260 /* menuitemcomponentgroup.json */ = {isa = PBXFileReference; fileEncoding = 4; lastKnownFileType = text.json; path = menuitemcomponentgroup.json; sourceTree = "<group>"; };
		C9067A501B5C312F005FF260 /* menuitemgroup.json */ = {isa = PBXFileReference; fileEncoding = 4; lastKnownFileType = text.json; path = menuitemgroup.json; sourceTree = "<group>"; };
		C9067A511B5C312F005FF260 /* menuitemtag.json */ = {isa = PBXFileReference; fileEncoding = 4; lastKnownFileType = text.json; path = menuitemtag.json; sourceTree = "<group>"; };
		C9067A531B5C312F005FF260 /* menu-donuts.json */ = {isa = PBXFileReference; fileEncoding = 4; lastKnownFileType = text.json; path = "menu-donuts.json"; sourceTree = "<group>"; };
		C9067A541B5C312F005FF260 /* menu-lunchstop.json */ = {isa = PBXFileReference; fileEncoding = 4; lastKnownFileType = text.json; path = "menu-lunchstop.json"; sourceTree = "<group>"; };
		C9067A551B5C312F005FF260 /* menu-pizza.json */ = {isa = PBXFileReference; fileEncoding = 4; lastKnownFileType = text.json; path = "menu-pizza.json"; sourceTree = "<group>"; };
		C9067A561B5C312F005FF260 /* menu-shakeshack.json */ = {isa = PBXFileReference; fileEncoding = 4; lastKnownFileType = text.json; path = "menu-shakeshack.json"; sourceTree = "<group>"; };
		C9067A631B5C49FC005FF260 /* BRMenuRestKitMappingTests.m */ = {isa = PBXFileReference; fileEncoding = 4; lastKnownFileType = sourcecode.c.objc; path = BRMenuRestKitMappingTests.m; sourceTree = "<group>"; };
		C9067A651B5C4B6C005FF260 /* BRMenuRestKitTestingSupport.h */ = {isa = PBXFileReference; fileEncoding = 4; lastKnownFileType = sourcecode.c.h; path = BRMenuRestKitTestingSupport.h; sourceTree = "<group>"; };
		C9067A661B5C4B6C005FF260 /* BRMenuRestKitTestingSupport.m */ = {isa = PBXFileReference; fileEncoding = 4; lastKnownFileType = sourcecode.c.objc; path = BRMenuRestKitTestingSupport.m; sourceTree = "<group>"; };
		C9067A681B5C5491005FF260 /* BRMenuRestKitTestingMapper.h */ = {isa = PBXFileReference; fileEncoding = 4; lastKnownFileType = sourcecode.c.h; path = BRMenuRestKitTestingMapper.h; sourceTree = "<group>"; };
		C9067A691B5C5491005FF260 /* BRMenuRestKitTestingMapper.m */ = {isa = PBXFileReference; fileEncoding = 4; lastKnownFileType = sourcecode.c.objc; path = BRMenuRestKitTestingMapper.m; sourceTree = "<group>"; };
		C9067A6F1B5C69CD005FF260 /* BRMenuItemGroupRestKitMappingTests.m */ = {isa = PBXFileReference; fileEncoding = 4; lastKnownFileType = sourcecode.c.objc; path = BRMenuItemGroupRestKitMappingTests.m; sourceTree = "<group>"; };
		C9067A7C1B5C8B4B005FF260 /* BRMenuRestKitNetworkMappingTests.m */ = {isa = PBXFileReference; fileEncoding = 4; lastKnownFileType = sourcecode.c.objc; path = BRMenuRestKitNetworkMappingTests.m; sourceTree = "<group>"; };
		C9067A7E1B5C8B8A005FF260 /* BRMenuNetworkingTestingSupport.h */ = {isa = PBXFileReference; fileEncoding = 4; lastKnownFileType = sourcecode.c.h; path = BRMenuNetworkingTestingSupport.h; sourceTree = "<group>"; };
		C9067A7F1B5C8B8A005FF260 /* BRMenuNetworkingTestingSupport.m */ = {isa = PBXFileReference; fileEncoding = 4; lastKnownFileType = sourcecode.c.objc; path = BRMenuNetworkingTestingSupport.m; sourceTree = "<group>"; };
		C9067A821B5CAF25005FF260 /* BRMenuOrderTests.m */ = {isa = PBXFileReference; fileEncoding = 4; lastKnownFileType = sourcecode.c.objc; path = BRMenuOrderTests.m; sourceTree = "<group>"; };
		C9067A851B5CB8BC005FF260 /* BRMenuTestingMenuProvider.h */ = {isa = PBXFileReference; fileEncoding = 4; lastKnownFileType = sourcecode.c.h; path = BRMenuTestingMenuProvider.h; sourceTree = "<group>"; };
		C9067A861B5CB8BC005FF260 /* BRMenuTestingMenuProvider.m */ = {isa = PBXFileReference; fileEncoding = 4; lastKnownFileType = sourcecode.c.objc; path = BRMenuTestingMenuProvider.m; sourceTree = "<group>"; };
		C9067A8B1B5CBEF5005FF260 /* BRMenuMetadataRestKitMappingTests.m */ = {isa = PBXFileReference; fileEncoding = 4; lastKnownFileType = sourcecode.c.objc; path = BRMenuMetadataRestKitMappingTests.m; sourceTree = "<group>"; };
		C9067A8D1B5CC0A1005FF260 /* menumetadata.json */ = {isa = PBXFileReference; fileEncoding = 4; lastKnownFileType = text.json; path = menumetadata.json; sourceTree = "<group>"; };
		C92AEEF51B5F10630005AC79 /* BRMenuBarButtonItemView.m */ = {isa = PBXFileReference; fileEncoding = 4; lastKnownFileType = sourcecode.c.objc; path = BRMenuBarButtonItemView.m; sourceTree = "<group>"; };
		C92AEEF61B5F10630005AC79 /* BRMenuBackBarButtonItemView.h */ = {isa = PBXFileReference; fileEncoding = 4; lastKnownFileType = sourcecode.c.h; path = BRMenuBackBarButtonItemView.h; sourceTree = "<group>"; };
		C92AEEF71B5F10630005AC79 /* BRMenuBackBarButtonItemView.m */ = {isa = PBXFileReference; fileEncoding = 4; lastKnownFileType = sourcecode.c.objc; path = BRMenuBackBarButtonItemView.m; sourceTree = "<group>"; };
		C92AEEF81B5F10630005AC79 /* BRMenuBarButtonItemView.h */ = {isa = PBXFileReference; fileEncoding = 4; lastKnownFileType = sourcecode.c.h; path = BRMenuBarButtonItemView.h; sourceTree = "<group>"; };
		C92AEEFC1B5F56D50005AC79 /* BRMenuFlipToggleButton.h */ = {isa = PBXFileReference; fileEncoding = 4; lastKnownFileType = sourcecode.c.h; path = BRMenuFlipToggleButton.h; sourceTree = "<group>"; };
		C92AEEFD1B5F56D50005AC79 /* BRMenuFlipToggleButton.m */ = {isa = PBXFileReference; fileEncoding = 4; lastKnownFileType = sourcecode.c.objc; path = BRMenuFlipToggleButton.m; sourceTree = "<group>"; };
		C957D2DE1B60B30300AD224C /* BRMenuLightHeavyQuantityButton.h */ = {isa = PBXFileReference; fileEncoding = 4; lastKnownFileType = sourcecode.c.h; path = BRMenuLightHeavyQuantityButton.h; sourceTree = "<group>"; };
		C957D2DF1B60B30300AD224C /* BRMenuLightHeavyQuantityButton.m */ = {isa = PBXFileReference; fileEncoding = 4; lastKnownFileType = sourcecode.c.objc; path = BRMenuLightHeavyQuantityButton.m; sourceTree = "<group>"; };
		C957D2E11B60B76B00AD224C /* BRMenuFilledToggleButton.h */ = {isa = PBXFileReference; fileEncoding = 4; lastKnownFileType = sourcecode.c.h; path = BRMenuFilledToggleButton.h; sourceTree = "<group>"; };
		C957D2E21B60B76B00AD224C /* BRMenuFilledToggleButton.m */ = {isa = PBXFileReference; fileEncoding = 4; lastKnownFileType = sourcecode.c.objc; path = BRMenuFilledToggleButton.m; sourceTree = "<group>"; };
		C9819DB51B616812008A1393 /* BRMenuNavigationTitleView.h */ = {isa = PBXFileReference; fileEncoding = 4; lastKnownFileType = sourcecode.c.h; path = BRMenuNavigationTitleView.h; sourceTree = "<group>"; };
		C9819DB61B616812008A1393 /* BRMenuNavigationTitleView.m */ = {isa = PBXFileReference; fileEncoding = 4; lastKnownFileType = sourcecode.c.objc; path = BRMenuNavigationTitleView.m; sourceTree = "<group>"; };
		C9819DBE1B61A428008A1393 /* BRMenuUIStylishHost.h */ = {isa = PBXFileReference; fileEncoding = 4; lastKnownFileType = sourcecode.c.h; path = BRMenuUIStylishHost.h; sourceTree = "<group>"; };
		C9819DC11B61A754008A1393 /* UIView+BRMenuUIStyle.h */ = {isa = PBXFileReference; fileEncoding = 4; lastKnownFileType = sourcecode.c.h; path = "UIView+BRMenuUIStyle.h"; sourceTree = "<group>"; };
		C9819DC21B61A754008A1393 /* UIView+BRMenuUIStyle.m */ = {isa = PBXFileReference; fileEncoding = 4; lastKnownFileType = sourcecode.c.objc; path = "UIView+BRMenuUIStyle.m"; sourceTree = "<group>"; };
		C9819DCF1B61CEE8008A1393 /* BRMenuOrderingViewController.h */ = {isa = PBXFileReference; fileEncoding = 4; lastKnownFileType = sourcecode.c.h; path = BRMenuOrderingViewController.h; sourceTree = "<group>"; };
		C9819DD01B61CEE8008A1393 /* BRMenuOrderingViewController.m */ = {isa = PBXFileReference; fileEncoding = 4; lastKnownFileType = sourcecode.c.objc; path = BRMenuOrderingViewController.m; sourceTree = "<group>"; };
		C9819DD51B61EE94008A1393 /* BRMenuItemObjectCell.h */ = {isa = PBXFileReference; fileEncoding = 4; lastKnownFileType = sourcecode.c.h; path = BRMenuItemObjectCell.h; sourceTree = "<group>"; };
		C9819DD61B61EE94008A1393 /* BRMenuItemObjectCell.m */ = {isa = PBXFileReference; fileEncoding = 4; lastKnownFileType = sourcecode.c.objc; path = BRMenuItemObjectCell.m; sourceTree = "<group>"; };
		C9819DD81B62D38E008A1393 /* BRMenuFitToWidthLabel.m */ = {isa = PBXFileReference; fileEncoding = 4; lastKnownFileType = sourcecode.c.objc; path = BRMenuFitToWidthLabel.m; sourceTree = "<group>"; };
		C9819DD91B62D38E008A1393 /* BRMenuFitToWidthLabel.h */ = {isa = PBXFileReference; fileEncoding = 4; lastKnownFileType = sourcecode.c.h; path = BRMenuFitToWidthLabel.h; sourceTree = "<group>"; };
		C9819DDB1B6319A8008A1393 /* NSNumberFormatter+BRMenu.h */ = {isa = PBXFileReference; fileEncoding = 4; lastKnownFileType = sourcecode.c.h; path = "NSNumberFormatter+BRMenu.h"; sourceTree = "<group>"; };
		C9819DDC1B6319A8008A1393 /* NSNumberFormatter+BRMenu.m */ = {isa = PBXFileReference; fileEncoding = 4; lastKnownFileType = sourcecode.c.objc; path = "NSNumberFormatter+BRMenu.m"; sourceTree = "<group>"; };
		C98883541B58820D0049491C /* libMenu.a */ = {isa = PBXFileReference; explicitFileType = archive.ar; includeInIndex = 0; path = libMenu.a; sourceTree = BUILT_PRODUCTS_DIR; };
		C988835F1B58820D0049491C /* MenuTests.xctest */ = {isa = PBXFileReference; explicitFileType = wrapper.cfbundle; includeInIndex = 0; path = MenuTests.xctest; sourceTree = BUILT_PRODUCTS_DIR; };
		C98883651B58820D0049491C /* Info.plist */ = {isa = PBXFileReference; lastKnownFileType = text.plist.xml; path = Info.plist; sourceTree = "<group>"; };
		C98883991B5883A60049491C /* BRMenuOrderItemAttributesProxyTests.m */ = {isa = PBXFileReference; fileEncoding = 4; lastKnownFileType = sourcecode.c.objc; path = BRMenuOrderItemAttributesProxyTests.m; sourceTree = "<group>"; };
		C988839A1B5883A60049491C /* BRMenuOrderItemTests.m */ = {isa = PBXFileReference; fileEncoding = 4; lastKnownFileType = sourcecode.c.objc; path = BRMenuOrderItemTests.m; sourceTree = "<group>"; };
		C998FE231E4544850D1A0FA7 /* Pods-MenuTests.release.xcconfig */ = {isa = PBXFileReference; includeInIndex = 1; lastKnownFileType = text.xcconfig; name = "Pods-MenuTests.release.xcconfig"; path = "Pods/Target Support Files/Pods-MenuTests/Pods-MenuTests.release.xcconfig"; sourceTree = "<group>"; };
		C9B8126D1B5D75910014CBCB /* Core.h */ = {isa = PBXFileReference; lastKnownFileType = sourcecode.c.h; name = Core.h; path = Code/Core.h; sourceTree = SOURCE_ROOT; };
		C9B812771B5D7B040014CBCB /* AFNetworking.h */ = {isa = PBXFileReference; fileEncoding = 4; lastKnownFileType = sourcecode.c.h; name = AFNetworking.h; path = Code/AFNetworking.h; sourceTree = SOURCE_ROOT; };
		C9B812781B5D7B040014CBCB /* RestKit.h */ = {isa = PBXFileReference; fileEncoding = 4; lastKnownFileType = sourcecode.c.h; name = RestKit.h; path = Code/RestKit.h; sourceTree = SOURCE_ROOT; };
		C9B8127A1B5D7B040014CBCB /* BRMenuAFHTTPResponseSerializer.h */ = {isa = PBXFileReference; fileEncoding = 4; lastKnownFileType = sourcecode.c.h; path = BRMenuAFHTTPResponseSerializer.h; sourceTree = "<group>"; };
		C9B8127B1B5D7B040014CBCB /* BRMenuAFHTTPResponseSerializer.m */ = {isa = PBXFileReference; fileEncoding = 4; lastKnownFileType = sourcecode.c.objc; path = BRMenuAFHTTPResponseSerializer.m; sourceTree = "<group>"; };
		C9B8127D1B5D7B040014CBCB /* BRMenuRestKitDataMapper.h */ = {isa = PBXFileReference; fileEncoding = 4; lastKnownFileType = sourcecode.c.h; path = BRMenuRestKitDataMapper.h; sourceTree = "<group>"; };
		C9B8127E1B5D7B040014CBCB /* BRMenuRestKitDataMapper.m */ = {isa = PBXFileReference; fileEncoding = 4; lastKnownFileType = sourcecode.c.objc; path = BRMenuRestKitDataMapper.m; sourceTree = "<group>"; };
		C9B812881B5D7B5C0014CBCB /* BRMenuMappingRestKit.m */ = {isa = PBXFileReference; fileEncoding = 4; lastKnownFileType = sourcecode.c.objc; path = BRMenuMappingRestKit.m; sourceTree = "<group>"; };
		C9B812891B5D7B5C0014CBCB /* BRMenuMappingRestKit.h */ = {isa = PBXFileReference; fileEncoding = 4; lastKnownFileType = sourcecode.c.h; path = BRMenuMappingRestKit.h; sourceTree = "<group>"; };
		C9B8128A1B5D7B5C0014CBCB /* BRMenuMappingRestKitPostProcessor.h */ = {isa = PBXFileReference; fileEncoding = 4; lastKnownFileType = sourcecode.c.h; path = BRMenuMappingRestKitPostProcessor.h; sourceTree = "<group>"; };
		C9B8128B1B5D7B5C0014CBCB /* BRMenuMappingRestKitPostProcessor.m */ = {isa = PBXFileReference; fileEncoding = 4; lastKnownFileType = sourcecode.c.objc; path = BRMenuMappingRestKitPostProcessor.m; sourceTree = "<group>"; };
		C9B8128E1B5D7BA70014CBCB /* BRMenu.h */ = {isa = PBXFileReference; fileEncoding = 4; lastKnownFileType = sourcecode.c.h; path = BRMenu.h; sourceTree = "<group>"; };
		C9B8128F1B5D7BA70014CBCB /* BRMenu.m */ = {isa = PBXFileReference; fileEncoding = 4; lastKnownFileType = sourcecode.c.objc; path = BRMenu.m; sourceTree = "<group>"; };
		C9B812901B5D7BA70014CBCB /* BRMenuDataMapper.h */ = {isa = PBXFileReference; fileEncoding = 4; lastKnownFileType = sourcecode.c.h; path = BRMenuDataMapper.h; sourceTree = "<group>"; };
		C9B812911B5D7BA70014CBCB /* BRMenuItem.h */ = {isa = PBXFileReference; fileEncoding = 4; lastKnownFileType = sourcecode.c.h; path = BRMenuItem.h; sourceTree = "<group>"; };
		C9B812921B5D7BA70014CBCB /* BRMenuItem.m */ = {isa = PBXFileReference; fileEncoding = 4; lastKnownFileType = sourcecode.c.objc; path = BRMenuItem.m; sourceTree = "<group>"; };
		C9B812931B5D7BA70014CBCB /* BRMenuItemComponent.h */ = {isa = PBXFileReference; fileEncoding = 4; lastKnownFileType = sourcecode.c.h; path = BRMenuItemComponent.h; sourceTree = "<group>"; };
		C9B812941B5D7BA70014CBCB /* BRMenuItemComponent.m */ = {isa = PBXFileReference; fileEncoding = 4; lastKnownFileType = sourcecode.c.objc; path = BRMenuItemComponent.m; sourceTree = "<group>"; };
		C9B812951B5D7BA70014CBCB /* BRMenuItemComponentGroup.h */ = {isa = PBXFileReference; fileEncoding = 4; lastKnownFileType = sourcecode.c.h; path = BRMenuItemComponentGroup.h; sourceTree = "<group>"; };
		C9B812961B5D7BA70014CBCB /* BRMenuItemComponentGroup.m */ = {isa = PBXFileReference; fileEncoding = 4; lastKnownFileType = sourcecode.c.objc; path = BRMenuItemComponentGroup.m; sourceTree = "<group>"; };
		C9B812971B5D7BA70014CBCB /* BRMenuItemGroup.h */ = {isa = PBXFileReference; fileEncoding = 4; lastKnownFileType = sourcecode.c.h; path = BRMenuItemGroup.h; sourceTree = "<group>"; };
		C9B812981B5D7BA70014CBCB /* BRMenuItemGroup.m */ = {isa = PBXFileReference; fileEncoding = 4; lastKnownFileType = sourcecode.c.objc; path = BRMenuItemGroup.m; sourceTree = "<group>"; };
		C9B812991B5D7BA70014CBCB /* BRMenuItemObject.h */ = {isa = PBXFileReference; fileEncoding = 4; lastKnownFileType = sourcecode.c.h; path = BRMenuItemObject.h; sourceTree = "<group>"; };
		C9B8129A1B5D7BA70014CBCB /* BRMenuItemTag.h */ = {isa = PBXFileReference; fileEncoding = 4; lastKnownFileType = sourcecode.c.h; path = BRMenuItemTag.h; sourceTree = "<group>"; };
		C9B8129B1B5D7BA70014CBCB /* BRMenuItemTag.m */ = {isa = PBXFileReference; fileEncoding = 4; lastKnownFileType = sourcecode.c.objc; path = BRMenuItemTag.m; sourceTree = "<group>"; };
		C9B8129C1B5D7BA70014CBCB /* BRMenuMappingPostProcessor.h */ = {isa = PBXFileReference; fileEncoding = 4; lastKnownFileType = sourcecode.c.h; path = BRMenuMappingPostProcessor.h; sourceTree = "<group>"; };
		C9B8129D1B5D7BA70014CBCB /* BRMenuMappingPostProcessor.m */ = {isa = PBXFileReference; fileEncoding = 4; lastKnownFileType = sourcecode.c.objc; path = BRMenuMappingPostProcessor.m; sourceTree = "<group>"; };
		C9B8129E1B5D7BA70014CBCB /* BRMenuMetadata.h */ = {isa = PBXFileReference; fileEncoding = 4; lastKnownFileType = sourcecode.c.h; path = BRMenuMetadata.h; sourceTree = "<group>"; };
		C9B8129F1B5D7BA70014CBCB /* BRMenuMetadata.m */ = {isa = PBXFileReference; fileEncoding = 4; lastKnownFileType = sourcecode.c.objc; path = BRMenuMetadata.m; sourceTree = "<group>"; };
		C9B812A01B5D7BA70014CBCB /* BRMenuOrder.h */ = {isa = PBXFileReference; fileEncoding = 4; lastKnownFileType = sourcecode.c.h; path = BRMenuOrder.h; sourceTree = "<group>"; };
		C9B812A11B5D7BA70014CBCB /* BRMenuOrder.m */ = {isa = PBXFileReference; fileEncoding = 4; lastKnownFileType = sourcecode.c.objc; path = BRMenuOrder.m; sourceTree = "<group>"; };
		C9B812A21B5D7BA70014CBCB /* BRMenuOrder+Encoding.h */ = {isa = PBXFileReference; fileEncoding = 4; lastKnownFileType = sourcecode.c.h; path = "BRMenuOrder+Encoding.h"; sourceTree = "<group>"; };
		C9B812A31B5D7BA70014CBCB /* BRMenuOrder+Encoding.m */ = {isa = PBXFileReference; fileEncoding = 4; lastKnownFileType = sourcecode.c.objc; path = "BRMenuOrder+Encoding.m"; sourceTree = "<group>"; };
		C9B812A41B5D7BA70014CBCB /* BRMenuOrderItem.h */ = {isa = PBXFileReference; fileEncoding = 4; lastKnownFileType = sourcecode.c.h; path = BRMenuOrderItem.h; sourceTree = "<group>"; };
		C9B812A51B5D7BA70014CBCB /* BRMenuOrderItem.m */ = {isa = PBXFileReference; fileEncoding = 4; lastKnownFileType = sourcecode.c.objc; path = BRMenuOrderItem.m; sourceTree = "<group>"; };
		C9B812A61B5D7BA70014CBCB /* BRMenuOrderItemAttributes.h */ = {isa = PBXFileReference; fileEncoding = 4; lastKnownFileType = sourcecode.c.h; path = BRMenuOrderItemAttributes.h; sourceTree = "<group>"; };
		C9B812A71B5D7BA70014CBCB /* BRMenuOrderItemAttributes.m */ = {isa = PBXFileReference; fileEncoding = 4; lastKnownFileType = sourcecode.c.objc; path = BRMenuOrderItemAttributes.m; sourceTree = "<group>"; };
		C9B812A81B5D7BA70014CBCB /* BRMenuOrderItemAttributesProxy.h */ = {isa = PBXFileReference; fileEncoding = 4; lastKnownFileType = sourcecode.c.h; path = BRMenuOrderItemAttributesProxy.h; sourceTree = "<group>"; };
		C9B812A91B5D7BA70014CBCB /* BRMenuOrderItemAttributesProxy.m */ = {isa = PBXFileReference; fileEncoding = 4; lastKnownFileType = sourcecode.c.objc; path = BRMenuOrderItemAttributesProxy.m; sourceTree = "<group>"; };
		C9B812AA1B5D7BA70014CBCB /* BRMenuOrderItemComponent.h */ = {isa = PBXFileReference; fileEncoding = 4; lastKnownFileType = sourcecode.c.h; path = BRMenuOrderItemComponent.h; sourceTree = "<group>"; };
		C9B812AB1B5D7BA70014CBCB /* BRMenuOrderItemComponent.m */ = {isa = PBXFileReference; fileEncoding = 4; lastKnownFileType = sourcecode.c.objc; path = BRMenuOrderItemComponent.m; sourceTree = "<group>"; };
		C9B812AC1B5D7BA70014CBCB /* BRMenuProvider.h */ = {isa = PBXFileReference; fileEncoding = 4; lastKnownFileType = sourcecode.c.h; path = BRMenuProvider.h; sourceTree = "<group>"; };
		C9B812BC1B5DD5800014CBCB /* BRMenuStepper.h */ = {isa = PBXFileReference; fileEncoding = 4; lastKnownFileType = sourcecode.c.h; path = BRMenuStepper.h; sourceTree = "<group>"; };
		C9B812BD1B5DD5800014CBCB /* BRMenuStepper.m */ = {isa = PBXFileReference; fileEncoding = 4; lastKnownFileType = sourcecode.c.objc; path = BRMenuStepper.m; sourceTree = "<group>"; };
		C9B812BF1B5DD5DB0014CBCB /* BRMenuPlusMinusButton.h */ = {isa = PBXFileReference; fileEncoding = 4; lastKnownFileType = sourcecode.c.h; path = BRMenuPlusMinusButton.h; sourceTree = "<group>"; };
		C9B812C01B5DD5DB0014CBCB /* BRMenuPlusMinusButton.m */ = {isa = PBXFileReference; fileEncoding = 4; lastKnownFileType = sourcecode.c.objc; path = BRMenuPlusMinusButton.m; sourceTree = "<group>"; };
		C9B812C21B5DD6D70014CBCB /* BRMenuUIStyle.h */ = {isa = PBXFileReference; fileEncoding = 4; lastKnownFileType = sourcecode.c.h; path = BRMenuUIStyle.h; sourceTree = "<group>"; };
		C9B812C31B5DD6D70014CBCB /* BRMenuUIStyle.m */ = {isa = PBXFileReference; fileEncoding = 4; lastKnownFileType = sourcecode.c.objc; path = BRMenuUIStyle.m; sourceTree = "<group>"; };
		C9B812C51B5DDD7C0014CBCB /* UI.h */ = {isa = PBXFileReference; fileEncoding = 4; lastKnownFileType = sourcecode.c.h; name = UI.h; path = Code/UI.h; sourceTree = SOURCE_ROOT; };
		C9C909231B60248600DDF191 /* BRMenuLeftRightPlacementButton.h */ = {isa = PBXFileReference; fileEncoding = 4; lastKnownFileType = sourcecode.c.h; path = BRMenuLeftRightPlacementButton.h; sourceTree = "<group>"; };
		C9C909241B60248600DDF191 /* BRMenuLeftRightPlacementButton.m */ = {isa = PBXFileReference; fileEncoding = 4; lastKnownFileType = sourcecode.c.objc; path = BRMenuLeftRightPlacementButton.m; sourceTree = "<group>"; };
		F959BE2D01376003BF6AF46A /* Pods-Menu-MenuTests.release.xcconfig */ = {isa = PBXFileReference; includeInIndex = 1; lastKnownFileType = text.xcconfig; name = "Pods-Menu-MenuTests.release.xcconfig"; path = "Pods/Target Support Files/Pods-Menu-MenuTests/Pods-Menu-MenuTests.release.xcconfig"; sourceTree = "<group>"; };
/* End PBXFileReference section */

/* Begin PBXFrameworksBuildPhase section */
		C98883511B58820D0049491C /* Frameworks */ = {
			isa = PBXFrameworksBuildPhase;
			buildActionMask = 2147483647;
			files = (
				958E4DFF15F11D518805F20C /* libPods-Menu.a in Frameworks */,
			);
			runOnlyForDeploymentPostprocessing = 0;
		};
		C988835C1B58820D0049491C /* Frameworks */ = {
			isa = PBXFrameworksBuildPhase;
			buildActionMask = 2147483647;
			files = (
				C98883601B58820D0049491C /* libMenu.a in Frameworks */,
				27A948614B4BC6F00B51C36C /* libPods-Menu-MenuTests.a in Frameworks */,
			);
			runOnlyForDeploymentPostprocessing = 0;
		};
/* End PBXFrameworksBuildPhase section */

/* Begin PBXGroup section */
		2A16E78EFAAD79C4B1986541 /* Pods */ = {
			isa = PBXGroup;
			children = (
				BBC3F2F86A0E48FB00973123 /* Pods-Menu.debug.xcconfig */,
				8C24D9343616C83D928D40D2 /* Pods-Menu.release.xcconfig */,
				7EEDB70F5466A7BAC95BC19E /* Pods-MenuTests.debug.xcconfig */,
				C998FE231E4544850D1A0FA7 /* Pods-MenuTests.release.xcconfig */,
				0B0B34C34A1C063F0D2F6B6C /* Pods-Menu-MenuTests.debug.xcconfig */,
				F959BE2D01376003BF6AF46A /* Pods-Menu-MenuTests.release.xcconfig */,
			);
			name = Pods;
			sourceTree = "<group>";
		};
		B8C012F0B29F65DA42C97EF9 /* Frameworks */ = {
			isa = PBXGroup;
			children = (
				7B78C1725A0BA1A773547C8B /* libPods-Menu.a */,
				6E1E0EBBC2174D782E8F931F /* libPods-Menu-MenuTests.a */,
			);
			name = Frameworks;
			sourceTree = "<group>";
		};
		C9067A451B5C29BA005FF260 /* Mapping */ = {
			isa = PBXGroup;
			children = (
				C9067A461B5C29BA005FF260 /* Core */,
				C9067A621B5C49FC005FF260 /* RestKit */,
			);
			path = Mapping;
			sourceTree = "<group>";
		};
		C9067A461B5C29BA005FF260 /* Core */ = {
			isa = PBXGroup;
			children = (
				C9067A471B5C29BA005FF260 /* BRMenuMappingPostProcessorTests.m */,
			);
			path = Core;
			sourceTree = "<group>";
		};
		C9067A491B5C312F005FF260 /* Resources */ = {
			isa = PBXGroup;
			children = (
				C9067A4A1B5C312F005FF260 /* Fragments */,
				C9067A521B5C312F005FF260 /* Menus */,
			);
			path = Resources;
			sourceTree = "<group>";
		};
		C9067A4A1B5C312F005FF260 /* Fragments */ = {
			isa = PBXGroup;
			children = (
				C9067A8D1B5CC0A1005FF260 /* menumetadata.json */,
				C9067A4B1B5C312F005FF260 /* menu.json */,
				C9067A4C1B5C312F005FF260 /* menuitem.json */,
				C9067A4D1B5C312F005FF260 /* menuitemcomponent.json */,
				C9067A4E1B5C312F005FF260 /* menuitemcomponentgroup-nested.json */,
				C9067A4F1B5C312F005FF260 /* menuitemcomponentgroup.json */,
				C9067A501B5C312F005FF260 /* menuitemgroup.json */,
				C9067A511B5C312F005FF260 /* menuitemtag.json */,
			);
			path = Fragments;
			sourceTree = "<group>";
		};
		C9067A521B5C312F005FF260 /* Menus */ = {
			isa = PBXGroup;
			children = (
				C9067A531B5C312F005FF260 /* menu-donuts.json */,
				C9067A541B5C312F005FF260 /* menu-lunchstop.json */,
				C9067A551B5C312F005FF260 /* menu-pizza.json */,
				C9067A561B5C312F005FF260 /* menu-shakeshack.json */,
			);
			path = Menus;
			sourceTree = "<group>";
		};
		C9067A621B5C49FC005FF260 /* RestKit */ = {
			isa = PBXGroup;
			children = (
				C9067A6B1B5C5836005FF260 /* Support */,
				C9067A631B5C49FC005FF260 /* BRMenuRestKitMappingTests.m */,
				C9067A6F1B5C69CD005FF260 /* BRMenuItemGroupRestKitMappingTests.m */,
				C9067A8B1B5CBEF5005FF260 /* BRMenuMetadataRestKitMappingTests.m */,
			);
			path = RestKit;
			sourceTree = "<group>";
		};
		C9067A6B1B5C5836005FF260 /* Support */ = {
			isa = PBXGroup;
			children = (
				C9067A681B5C5491005FF260 /* BRMenuRestKitTestingMapper.h */,
				C9067A691B5C5491005FF260 /* BRMenuRestKitTestingMapper.m */,
				C9067A651B5C4B6C005FF260 /* BRMenuRestKitTestingSupport.h */,
				C9067A661B5C4B6C005FF260 /* BRMenuRestKitTestingSupport.m */,
			);
			name = Support;
			sourceTree = "<group>";
		};
		C9067A7A1B5C8B4B005FF260 /* Networking */ = {
			isa = PBXGroup;
			children = (
				C9067A7B1B5C8B4B005FF260 /* RestKit */,
				C9067A7E1B5C8B8A005FF260 /* BRMenuNetworkingTestingSupport.h */,
				C9067A7F1B5C8B8A005FF260 /* BRMenuNetworkingTestingSupport.m */,
			);
			path = Networking;
			sourceTree = "<group>";
		};
		C9067A7B1B5C8B4B005FF260 /* RestKit */ = {
			isa = PBXGroup;
			children = (
				C9067A7C1B5C8B4B005FF260 /* BRMenuRestKitNetworkMappingTests.m */,
			);
			path = RestKit;
			sourceTree = "<group>";
		};
		C9067A841B5CB8BC005FF260 /* Menu */ = {
			isa = PBXGroup;
			children = (
				C9067A851B5CB8BC005FF260 /* BRMenuTestingMenuProvider.h */,
				C9067A861B5CB8BC005FF260 /* BRMenuTestingMenuProvider.m */,
			);
			path = Menu;
			sourceTree = "<group>";
		};
		C9819DCD1B61CE4F008A1393 /* Components */ = {
			isa = PBXGroup;
			children = (
				C92AEEF81B5F10630005AC79 /* BRMenuBarButtonItemView.h */,
				C92AEEF51B5F10630005AC79 /* BRMenuBarButtonItemView.m */,
				C92AEEF61B5F10630005AC79 /* BRMenuBackBarButtonItemView.h */,
				C92AEEF71B5F10630005AC79 /* BRMenuBackBarButtonItemView.m */,
				C957D2E11B60B76B00AD224C /* BRMenuFilledToggleButton.h */,
				C957D2E21B60B76B00AD224C /* BRMenuFilledToggleButton.m */,
				C9819DD91B62D38E008A1393 /* BRMenuFitToWidthLabel.h */,
				C9819DD81B62D38E008A1393 /* BRMenuFitToWidthLabel.m */,
				C92AEEFC1B5F56D50005AC79 /* BRMenuFlipToggleButton.h */,
				C92AEEFD1B5F56D50005AC79 /* BRMenuFlipToggleButton.m */,
				C9C909231B60248600DDF191 /* BRMenuLeftRightPlacementButton.h */,
				C9C909241B60248600DDF191 /* BRMenuLeftRightPlacementButton.m */,
				C957D2DE1B60B30300AD224C /* BRMenuLightHeavyQuantityButton.h */,
				C957D2DF1B60B30300AD224C /* BRMenuLightHeavyQuantityButton.m */,
				C9819DB51B616812008A1393 /* BRMenuNavigationTitleView.h */,
				C9819DB61B616812008A1393 /* BRMenuNavigationTitleView.m */,
				C9B812BF1B5DD5DB0014CBCB /* BRMenuPlusMinusButton.h */,
				C9B812C01B5DD5DB0014CBCB /* BRMenuPlusMinusButton.m */,
				C9B812BC1B5DD5800014CBCB /* BRMenuStepper.h */,
				C9B812BD1B5DD5800014CBCB /* BRMenuStepper.m */,
				C9B812C21B5DD6D70014CBCB /* BRMenuUIStyle.h */,
				C9B812C31B5DD6D70014CBCB /* BRMenuUIStyle.m */,
				C9819DBE1B61A428008A1393 /* BRMenuUIStylishHost.h */,
				C9819DC11B61A754008A1393 /* UIView+BRMenuUIStyle.h */,
				C9819DC21B61A754008A1393 /* UIView+BRMenuUIStyle.m */,
			);
			name = Components;
			sourceTree = "<group>";
		};
		C9819DCE1B61CE60008A1393 /* Controllers */ = {
			isa = PBXGroup;
			children = (
				C9819DD51B61EE94008A1393 /* BRMenuItemObjectCell.h */,
				C9819DD61B61EE94008A1393 /* BRMenuItemObjectCell.m */,
				C9819DCF1B61CEE8008A1393 /* BRMenuOrderingViewController.h */,
				C9819DD01B61CEE8008A1393 /* BRMenuOrderingViewController.m */,
			);
			name = Controllers;
			sourceTree = "<group>";
		};
		C988834B1B58820D0049491C = {
			isa = PBXGroup;
			children = (
				C98883561B58820D0049491C /* Menu */,
				C98883631B58820D0049491C /* MenuTests */,
				C98883551B58820D0049491C /* Products */,
				2A16E78EFAAD79C4B1986541 /* Pods */,
				B8C012F0B29F65DA42C97EF9 /* Frameworks */,
			);
			sourceTree = "<group>";
		};
		C98883551B58820D0049491C /* Products */ = {
			isa = PBXGroup;
			children = (
				C98883541B58820D0049491C /* libMenu.a */,
				C988835F1B58820D0049491C /* MenuTests.xctest */,
			);
			name = Products;
			sourceTree = "<group>";
		};
		C98883561B58820D0049491C /* Menu */ = {
			isa = PBXGroup;
			children = (
				C9B812771B5D7B040014CBCB /* AFNetworking.h */,
				C9B8126D1B5D75910014CBCB /* Core.h */,
				C9B812781B5D7B040014CBCB /* RestKit.h */,
				C9B812C51B5DDD7C0014CBCB /* UI.h */,
				C9B812791B5D7B040014CBCB /* AFNetworking */,
				C988836E1B58832C0049491C /* Core */,
				C9B8127C1B5D7B040014CBCB /* RestKit */,
				C9B812BB1B5DD5800014CBCB /* UI */,
			);
			path = Menu;
			sourceTree = "<group>";
		};
		C98883631B58820D0049491C /* MenuTests */ = {
			isa = PBXGroup;
			children = (
				C98883971B5883A60049491C /* Core */,
				C9067A451B5C29BA005FF260 /* Mapping */,
				C9067A7A1B5C8B4B005FF260 /* Networking */,
				C9067A491B5C312F005FF260 /* Resources */,
				C98883641B58820D0049491C /* Supporting Files */,
			);
			path = MenuTests;
			sourceTree = "<group>";
		};
		C98883641B58820D0049491C /* Supporting Files */ = {
			isa = PBXGroup;
			children = (
				C98883651B58820D0049491C /* Info.plist */,
			);
			name = "Supporting Files";
			sourceTree = "<group>";
		};
		C988836E1B58832C0049491C /* Core */ = {
			isa = PBXGroup;
			children = (
				C9B8128E1B5D7BA70014CBCB /* BRMenu.h */,
				C9B8128F1B5D7BA70014CBCB /* BRMenu.m */,
				C9B812901B5D7BA70014CBCB /* BRMenuDataMapper.h */,
				C9B812911B5D7BA70014CBCB /* BRMenuItem.h */,
				C9B812921B5D7BA70014CBCB /* BRMenuItem.m */,
				C9B812931B5D7BA70014CBCB /* BRMenuItemComponent.h */,
				C9B812941B5D7BA70014CBCB /* BRMenuItemComponent.m */,
				C9B812951B5D7BA70014CBCB /* BRMenuItemComponentGroup.h */,
				C9B812961B5D7BA70014CBCB /* BRMenuItemComponentGroup.m */,
				C9B812971B5D7BA70014CBCB /* BRMenuItemGroup.h */,
				C9B812981B5D7BA70014CBCB /* BRMenuItemGroup.m */,
				C9B812991B5D7BA70014CBCB /* BRMenuItemObject.h */,
				C9B8129A1B5D7BA70014CBCB /* BRMenuItemTag.h */,
				C9B8129B1B5D7BA70014CBCB /* BRMenuItemTag.m */,
				C9B8129C1B5D7BA70014CBCB /* BRMenuMappingPostProcessor.h */,
				C9B8129D1B5D7BA70014CBCB /* BRMenuMappingPostProcessor.m */,
				C9B8129E1B5D7BA70014CBCB /* BRMenuMetadata.h */,
				C9B8129F1B5D7BA70014CBCB /* BRMenuMetadata.m */,
				C9B812A01B5D7BA70014CBCB /* BRMenuOrder.h */,
				C9B812A11B5D7BA70014CBCB /* BRMenuOrder.m */,
				C9B812A21B5D7BA70014CBCB /* BRMenuOrder+Encoding.h */,
				C9B812A31B5D7BA70014CBCB /* BRMenuOrder+Encoding.m */,
				C9B812A41B5D7BA70014CBCB /* BRMenuOrderItem.h */,
				C9B812A51B5D7BA70014CBCB /* BRMenuOrderItem.m */,
				C9B812A61B5D7BA70014CBCB /* BRMenuOrderItemAttributes.h */,
				C9B812A71B5D7BA70014CBCB /* BRMenuOrderItemAttributes.m */,
				C9B812A81B5D7BA70014CBCB /* BRMenuOrderItemAttributesProxy.h */,
				C9B812A91B5D7BA70014CBCB /* BRMenuOrderItemAttributesProxy.m */,
				C9B812AA1B5D7BA70014CBCB /* BRMenuOrderItemComponent.h */,
				C9B812AB1B5D7BA70014CBCB /* BRMenuOrderItemComponent.m */,
				C9B812AC1B5D7BA70014CBCB /* BRMenuProvider.h */,
				C9819DDB1B6319A8008A1393 /* NSNumberFormatter+BRMenu.h */,
				C9819DDC1B6319A8008A1393 /* NSNumberFormatter+BRMenu.m */,
			);
			name = Core;
			path = Code/Core;
			sourceTree = SOURCE_ROOT;
		};
		C98883971B5883A60049491C /* Core */ = {
			isa = PBXGroup;
			children = (
				C9067A841B5CB8BC005FF260 /* Menu */,
				C98883981B5883A60049491C /* Order */,
			);
			path = Core;
			sourceTree = "<group>";
		};
		C98883981B5883A60049491C /* Order */ = {
			isa = PBXGroup;
			children = (
				C98883991B5883A60049491C /* BRMenuOrderItemAttributesProxyTests.m */,
				C988839A1B5883A60049491C /* BRMenuOrderItemTests.m */,
				C9067A821B5CAF25005FF260 /* BRMenuOrderTests.m */,
			);
			path = Order;
			sourceTree = "<group>";
		};
		C9B812791B5D7B040014CBCB /* AFNetworking */ = {
			isa = PBXGroup;
			children = (
				C9B8127A1B5D7B040014CBCB /* BRMenuAFHTTPResponseSerializer.h */,
				C9B8127B1B5D7B040014CBCB /* BRMenuAFHTTPResponseSerializer.m */,
			);
			name = AFNetworking;
			path = Code/AFNetworking;
			sourceTree = SOURCE_ROOT;
		};
		C9B8127C1B5D7B040014CBCB /* RestKit */ = {
			isa = PBXGroup;
			children = (
				C9B812891B5D7B5C0014CBCB /* BRMenuMappingRestKit.h */,
				C9B812881B5D7B5C0014CBCB /* BRMenuMappingRestKit.m */,
				C9B8128A1B5D7B5C0014CBCB /* BRMenuMappingRestKitPostProcessor.h */,
				C9B8128B1B5D7B5C0014CBCB /* BRMenuMappingRestKitPostProcessor.m */,
				C9B8127D1B5D7B040014CBCB /* BRMenuRestKitDataMapper.h */,
				C9B8127E1B5D7B040014CBCB /* BRMenuRestKitDataMapper.m */,
			);
			name = RestKit;
			path = Code/RestKit;
			sourceTree = SOURCE_ROOT;
		};
		C9B812BB1B5DD5800014CBCB /* UI */ = {
			isa = PBXGroup;
			children = (
				C9819DCD1B61CE4F008A1393 /* Components */,
				C9819DCE1B61CE60008A1393 /* Controllers */,
			);
			name = UI;
			path = Code/UI;
			sourceTree = SOURCE_ROOT;
		};
/* End PBXGroup section */

/* Begin PBXNativeTarget section */
		C98883531B58820D0049491C /* Menu */ = {
			isa = PBXNativeTarget;
			buildConfigurationList = C98883681B58820D0049491C /* Build configuration list for PBXNativeTarget "Menu" */;
			buildPhases = (
				9FB4A62175C399281C34FB70 /* Check Pods Manifest.lock */,
				C98883501B58820D0049491C /* Sources */,
				C98883511B58820D0049491C /* Frameworks */,
				C98883521B58820D0049491C /* CopyFiles */,
				2E1E1A723591A807F8735485 /* Copy Pods Resources */,
			);
			buildRules = (
			);
			dependencies = (
			);
			name = Menu;
			productName = Menu;
			productReference = C98883541B58820D0049491C /* libMenu.a */;
			productType = "com.apple.product-type.library.static";
		};
		C988835E1B58820D0049491C /* MenuTests */ = {
			isa = PBXNativeTarget;
			buildConfigurationList = C988836B1B58820D0049491C /* Build configuration list for PBXNativeTarget "MenuTests" */;
			buildPhases = (
				7A40F06EC2F49F2DC2CF3B2E /* Check Pods Manifest.lock */,
				C988835B1B58820D0049491C /* Sources */,
				C988835C1B58820D0049491C /* Frameworks */,
				C988835D1B58820D0049491C /* Resources */,
				1F2899E048A1C5D57ADA97FA /* Copy Pods Resources */,
			);
			buildRules = (
			);
			dependencies = (
				C98883621B58820D0049491C /* PBXTargetDependency */,
			);
			name = MenuTests;
			productName = MenuTests;
			productReference = C988835F1B58820D0049491C /* MenuTests.xctest */;
			productType = "com.apple.product-type.bundle.unit-test";
		};
/* End PBXNativeTarget section */

/* Begin PBXProject section */
		C988834C1B58820D0049491C /* Project object */ = {
			isa = PBXProject;
			attributes = {
				LastUpgradeCheck = 0640;
				ORGANIZATIONNAME = "Blue Rocket";
				TargetAttributes = {
					C98883531B58820D0049491C = {
						CreatedOnToolsVersion = 6.4;
					};
					C988835E1B58820D0049491C = {
						CreatedOnToolsVersion = 6.4;
					};
				};
			};
			buildConfigurationList = C988834F1B58820D0049491C /* Build configuration list for PBXProject "Menu" */;
			compatibilityVersion = "Xcode 3.2";
			developmentRegion = English;
			hasScannedForEncodings = 0;
			knownRegions = (
				en,
			);
			mainGroup = C988834B1B58820D0049491C;
			productRefGroup = C98883551B58820D0049491C /* Products */;
			projectDirPath = "";
			projectRoot = "";
			targets = (
				C98883531B58820D0049491C /* Menu */,
				C988835E1B58820D0049491C /* MenuTests */,
			);
		};
/* End PBXProject section */

/* Begin PBXResourcesBuildPhase section */
		C988835D1B58820D0049491C /* Resources */ = {
			isa = PBXResourcesBuildPhase;
			buildActionMask = 2147483647;
			files = (
				C9067A5D1B5C312F005FF260 /* menuitemtag.json in Resources */,
				C9067A601B5C312F005FF260 /* menu-pizza.json in Resources */,
				C9067A571B5C312F005FF260 /* menu.json in Resources */,
				C9067A611B5C312F005FF260 /* menu-shakeshack.json in Resources */,
				C9067A581B5C312F005FF260 /* menuitem.json in Resources */,
				C9067A5A1B5C312F005FF260 /* menuitemcomponentgroup-nested.json in Resources */,
				C9067A5C1B5C312F005FF260 /* menuitemgroup.json in Resources */,
				C9067A5F1B5C312F005FF260 /* menu-lunchstop.json in Resources */,
				C9067A5B1B5C312F005FF260 /* menuitemcomponentgroup.json in Resources */,
				C9067A591B5C312F005FF260 /* menuitemcomponent.json in Resources */,
				C9067A5E1B5C312F005FF260 /* menu-donuts.json in Resources */,
				C9067A8E1B5CC0A1005FF260 /* menumetadata.json in Resources */,
			);
			runOnlyForDeploymentPostprocessing = 0;
		};
/* End PBXResourcesBuildPhase section */

/* Begin PBXShellScriptBuildPhase section */
		1F2899E048A1C5D57ADA97FA /* Copy Pods Resources */ = {
			isa = PBXShellScriptBuildPhase;
			buildActionMask = 2147483647;
			files = (
			);
			inputPaths = (
			);
			name = "Copy Pods Resources";
			outputPaths = (
			);
			runOnlyForDeploymentPostprocessing = 0;
			shellPath = /bin/sh;
			shellScript = "\"${SRCROOT}/Pods/Target Support Files/Pods-Menu-MenuTests/Pods-Menu-MenuTests-resources.sh\"\n";
			showEnvVarsInLog = 0;
		};
		2E1E1A723591A807F8735485 /* Copy Pods Resources */ = {
			isa = PBXShellScriptBuildPhase;
			buildActionMask = 2147483647;
			files = (
			);
			inputPaths = (
			);
			name = "Copy Pods Resources";
			outputPaths = (
			);
			runOnlyForDeploymentPostprocessing = 0;
			shellPath = /bin/sh;
			shellScript = "\"${SRCROOT}/Pods/Target Support Files/Pods-Menu/Pods-Menu-resources.sh\"\n";
			showEnvVarsInLog = 0;
		};
		7A40F06EC2F49F2DC2CF3B2E /* Check Pods Manifest.lock */ = {
			isa = PBXShellScriptBuildPhase;
			buildActionMask = 2147483647;
			files = (
			);
			inputPaths = (
			);
			name = "Check Pods Manifest.lock";
			outputPaths = (
			);
			runOnlyForDeploymentPostprocessing = 0;
			shellPath = /bin/sh;
			shellScript = "diff \"${PODS_ROOT}/../Podfile.lock\" \"${PODS_ROOT}/Manifest.lock\" > /dev/null\nif [[ $? != 0 ]] ; then\n    cat << EOM\nerror: The sandbox is not in sync with the Podfile.lock. Run 'pod install' or update your CocoaPods installation.\nEOM\n    exit 1\nfi\n";
			showEnvVarsInLog = 0;
		};
		9FB4A62175C399281C34FB70 /* Check Pods Manifest.lock */ = {
			isa = PBXShellScriptBuildPhase;
			buildActionMask = 2147483647;
			files = (
			);
			inputPaths = (
			);
			name = "Check Pods Manifest.lock";
			outputPaths = (
			);
			runOnlyForDeploymentPostprocessing = 0;
			shellPath = /bin/sh;
			shellScript = "diff \"${PODS_ROOT}/../Podfile.lock\" \"${PODS_ROOT}/Manifest.lock\" > /dev/null\nif [[ $? != 0 ]] ; then\n    cat << EOM\nerror: The sandbox is not in sync with the Podfile.lock. Run 'pod install' or update your CocoaPods installation.\nEOM\n    exit 1\nfi\n";
			showEnvVarsInLog = 0;
		};
/* End PBXShellScriptBuildPhase section */

/* Begin PBXSourcesBuildPhase section */
		C98883501B58820D0049491C /* Sources */ = {
			isa = PBXSourcesBuildPhase;
			buildActionMask = 2147483647;
			files = (
				C9B812851B5D7B040014CBCB /* BRMenuRestKitDataMapper.m in Sources */,
				C9819DDA1B62D38E008A1393 /* BRMenuFitToWidthLabel.m in Sources */,
				C9B812B81B5D7BA70014CBCB /* BRMenuOrderItemAttributes.m in Sources */,
				C9B812AF1B5D7BA70014CBCB /* BRMenuItemComponent.m in Sources */,
				C9B812AE1B5D7BA70014CBCB /* BRMenuItem.m in Sources */,
				C9B812B71B5D7BA70014CBCB /* BRMenuOrderItem.m in Sources */,
				C9819DC31B61A754008A1393 /* UIView+BRMenuUIStyle.m in Sources */,
				C9C909251B60248600DDF191 /* BRMenuLeftRightPlacementButton.m in Sources */,
				C9819DD11B61CEE8008A1393 /* BRMenuOrderingViewController.m in Sources */,
				C9B812841B5D7B040014CBCB /* BRMenuAFHTTPResponseSerializer.m in Sources */,
				C9B812C41B5DD6D70014CBCB /* BRMenuUIStyle.m in Sources */,
				C9819DDD1B6319A8008A1393 /* NSNumberFormatter+BRMenu.m in Sources */,
				C9B812BA1B5D7BA70014CBCB /* BRMenuOrderItemComponent.m in Sources */,
				C957D2E31B60B76B00AD224C /* BRMenuFilledToggleButton.m in Sources */,
				C9B812C11B5DD5DB0014CBCB /* BRMenuPlusMinusButton.m in Sources */,
				C9B812B11B5D7BA70014CBCB /* BRMenuItemGroup.m in Sources */,
				C9B812B91B5D7BA70014CBCB /* BRMenuOrderItemAttributesProxy.m in Sources */,
				C9B812AD1B5D7BA70014CBCB /* BRMenu.m in Sources */,
				C9B812B31B5D7BA70014CBCB /* BRMenuMappingPostProcessor.m in Sources */,
				C92AEEFE1B5F56D50005AC79 /* BRMenuFlipToggleButton.m in Sources */,
				C9819DB71B616812008A1393 /* BRMenuNavigationTitleView.m in Sources */,
				C9B812B01B5D7BA70014CBCB /* BRMenuItemComponentGroup.m in Sources */,
				C9B8128D1B5D7B5C0014CBCB /* BRMenuMappingRestKitPostProcessor.m in Sources */,
				C9B812B41B5D7BA70014CBCB /* BRMenuMetadata.m in Sources */,
				C9B812BE1B5DD5800014CBCB /* BRMenuStepper.m in Sources */,
				C9B812B61B5D7BA70014CBCB /* BRMenuOrder+Encoding.m in Sources */,
				C9819DD71B61EE94008A1393 /* BRMenuItemObjectCell.m in Sources */,
				C92AEEFA1B5F10630005AC79 /* BRMenuBackBarButtonItemView.m in Sources */,
				C9B812B21B5D7BA70014CBCB /* BRMenuItemTag.m in Sources */,
				C957D2E01B60B30300AD224C /* BRMenuLightHeavyQuantityButton.m in Sources */,
				C9B8128C1B5D7B5C0014CBCB /* BRMenuMappingRestKit.m in Sources */,
				C92AEEF91B5F10630005AC79 /* BRMenuBarButtonItemView.m in Sources */,
				C9B812B51B5D7BA70014CBCB /* BRMenuOrder.m in Sources */,
			);
			runOnlyForDeploymentPostprocessing = 0;
		};
		C988835B1B58820D0049491C /* Sources */ = {
			isa = PBXSourcesBuildPhase;
			buildActionMask = 2147483647;
			files = (
				C9067A671B5C4B6C005FF260 /* BRMenuRestKitTestingSupport.m in Sources */,
				C9067A801B5C8B8A005FF260 /* BRMenuNetworkingTestingSupport.m in Sources */,
				C9067A871B5CB8BC005FF260 /* BRMenuTestingMenuProvider.m in Sources */,
				C9067A7D1B5C8B4B005FF260 /* BRMenuRestKitNetworkMappingTests.m in Sources */,
				C9067A641B5C49FC005FF260 /* BRMenuRestKitMappingTests.m in Sources */,
				C988839C1B5883A60049491C /* BRMenuOrderItemTests.m in Sources */,
				C9067A831B5CAF25005FF260 /* BRMenuOrderTests.m in Sources */,
				C9067A6A1B5C5491005FF260 /* BRMenuRestKitTestingMapper.m in Sources */,
				C988839B1B5883A60049491C /* BRMenuOrderItemAttributesProxyTests.m in Sources */,
				C9067A481B5C29BA005FF260 /* BRMenuMappingPostProcessorTests.m in Sources */,
				C9067A8C1B5CBEF5005FF260 /* BRMenuMetadataRestKitMappingTests.m in Sources */,
				C9067A701B5C69CD005FF260 /* BRMenuItemGroupRestKitMappingTests.m in Sources */,
			);
			runOnlyForDeploymentPostprocessing = 0;
		};
/* End PBXSourcesBuildPhase section */

/* Begin PBXTargetDependency section */
		C98883621B58820D0049491C /* PBXTargetDependency */ = {
			isa = PBXTargetDependency;
			target = C98883531B58820D0049491C /* Menu */;
			targetProxy = C98883611B58820D0049491C /* PBXContainerItemProxy */;
		};
/* End PBXTargetDependency section */

/* Begin XCBuildConfiguration section */
		C98883661B58820D0049491C /* Debug */ = {
			isa = XCBuildConfiguration;
			buildSettings = {
				ALWAYS_SEARCH_USER_PATHS = NO;
				CLANG_CXX_LANGUAGE_STANDARD = "gnu++0x";
				CLANG_CXX_LIBRARY = "libc++";
				CLANG_ENABLE_MODULES = YES;
				CLANG_ENABLE_OBJC_ARC = YES;
				CLANG_WARN_BOOL_CONVERSION = YES;
				CLANG_WARN_CONSTANT_CONVERSION = YES;
				CLANG_WARN_DIRECT_OBJC_ISA_USAGE = YES_ERROR;
				CLANG_WARN_EMPTY_BODY = YES;
				CLANG_WARN_ENUM_CONVERSION = YES;
				CLANG_WARN_INT_CONVERSION = YES;
				CLANG_WARN_OBJC_ROOT_CLASS = YES_ERROR;
				CLANG_WARN_UNREACHABLE_CODE = YES;
				CLANG_WARN__DUPLICATE_METHOD_MATCH = YES;
				COPY_PHASE_STRIP = NO;
				DEBUG_INFORMATION_FORMAT = "dwarf-with-dsym";
				ENABLE_STRICT_OBJC_MSGSEND = YES;
				GCC_C_LANGUAGE_STANDARD = gnu99;
				GCC_DYNAMIC_NO_PIC = NO;
				GCC_NO_COMMON_BLOCKS = YES;
				GCC_OPTIMIZATION_LEVEL = 0;
				GCC_PREPROCESSOR_DEFINITIONS = (
					"DEBUG=1",
					"$(inherited)",
				);
				GCC_SYMBOLS_PRIVATE_EXTERN = NO;
				GCC_WARN_64_TO_32_BIT_CONVERSION = YES;
				GCC_WARN_ABOUT_RETURN_TYPE = YES_ERROR;
				GCC_WARN_UNDECLARED_SELECTOR = YES;
				GCC_WARN_UNINITIALIZED_AUTOS = YES_AGGRESSIVE;
				GCC_WARN_UNUSED_FUNCTION = YES;
				GCC_WARN_UNUSED_VARIABLE = YES;
				IPHONEOS_DEPLOYMENT_TARGET = 7.1;
				MTL_ENABLE_DEBUG_INFO = YES;
				ONLY_ACTIVE_ARCH = YES;
				SDKROOT = iphoneos;
			};
			name = Debug;
		};
		C98883671B58820D0049491C /* Release */ = {
			isa = XCBuildConfiguration;
			buildSettings = {
				ALWAYS_SEARCH_USER_PATHS = NO;
				CLANG_CXX_LANGUAGE_STANDARD = "gnu++0x";
				CLANG_CXX_LIBRARY = "libc++";
				CLANG_ENABLE_MODULES = YES;
				CLANG_ENABLE_OBJC_ARC = YES;
				CLANG_WARN_BOOL_CONVERSION = YES;
				CLANG_WARN_CONSTANT_CONVERSION = YES;
				CLANG_WARN_DIRECT_OBJC_ISA_USAGE = YES_ERROR;
				CLANG_WARN_EMPTY_BODY = YES;
				CLANG_WARN_ENUM_CONVERSION = YES;
				CLANG_WARN_INT_CONVERSION = YES;
				CLANG_WARN_OBJC_ROOT_CLASS = YES_ERROR;
				CLANG_WARN_UNREACHABLE_CODE = YES;
				CLANG_WARN__DUPLICATE_METHOD_MATCH = YES;
				COPY_PHASE_STRIP = NO;
				DEBUG_INFORMATION_FORMAT = "dwarf-with-dsym";
				ENABLE_NS_ASSERTIONS = NO;
				ENABLE_STRICT_OBJC_MSGSEND = YES;
				GCC_C_LANGUAGE_STANDARD = gnu99;
				GCC_NO_COMMON_BLOCKS = YES;
				GCC_WARN_64_TO_32_BIT_CONVERSION = YES;
				GCC_WARN_ABOUT_RETURN_TYPE = YES_ERROR;
				GCC_WARN_UNDECLARED_SELECTOR = YES;
				GCC_WARN_UNINITIALIZED_AUTOS = YES_AGGRESSIVE;
				GCC_WARN_UNUSED_FUNCTION = YES;
				GCC_WARN_UNUSED_VARIABLE = YES;
				IPHONEOS_DEPLOYMENT_TARGET = 7.1;
				MTL_ENABLE_DEBUG_INFO = NO;
				SDKROOT = iphoneos;
				VALIDATE_PRODUCT = YES;
			};
			name = Release;
		};
		C98883691B58820D0049491C /* Debug */ = {
			isa = XCBuildConfiguration;
			baseConfigurationReference = BBC3F2F86A0E48FB00973123 /* Pods-Menu.debug.xcconfig */;
			buildSettings = {
				OTHER_LDFLAGS = (
					"-ObjC",
					"$(inherited)",
				);
				PRODUCT_NAME = "$(TARGET_NAME)";
				SKIP_INSTALL = YES;
			};
			name = Debug;
		};
		C988836A1B58820D0049491C /* Release */ = {
			isa = XCBuildConfiguration;
			baseConfigurationReference = 8C24D9343616C83D928D40D2 /* Pods-Menu.release.xcconfig */;
			buildSettings = {
				OTHER_LDFLAGS = (
					"-ObjC",
					"$(inherited)",
				);
				PRODUCT_NAME = "$(TARGET_NAME)";
				SKIP_INSTALL = YES;
			};
			name = Release;
		};
		C988836C1B58820D0049491C /* Debug */ = {
			isa = XCBuildConfiguration;
			baseConfigurationReference = 0B0B34C34A1C063F0D2F6B6C /* Pods-Menu-MenuTests.debug.xcconfig */;
			buildSettings = {
				"CODE_SIGN_IDENTITY[sdk=iphoneos*]" = "iPhone Developer";
				FRAMEWORK_SEARCH_PATHS = (
					"$(SDKROOT)/Developer/Library/Frameworks",
					"$(inherited)",
				);
				GCC_PREPROCESSOR_DEFINITIONS = (
					"DEBUG=1",
					"$(inherited)",
				);
				INFOPLIST_FILE = MenuTests/Info.plist;
				LD_RUNPATH_SEARCH_PATHS = "$(inherited) @executable_path/Frameworks @loader_path/Frameworks";
				PRODUCT_NAME = "$(TARGET_NAME)";
			};
			name = Debug;
		};
		C988836D1B58820D0049491C /* Release */ = {
			isa = XCBuildConfiguration;
			baseConfigurationReference = F959BE2D01376003BF6AF46A /* Pods-Menu-MenuTests.release.xcconfig */;
			buildSettings = {
				"CODE_SIGN_IDENTITY[sdk=iphoneos*]" = "iPhone Developer";
				FRAMEWORK_SEARCH_PATHS = (
					"$(SDKROOT)/Developer/Library/Frameworks",
					"$(inherited)",
				);
				INFOPLIST_FILE = MenuTests/Info.plist;
				LD_RUNPATH_SEARCH_PATHS = "$(inherited) @executable_path/Frameworks @loader_path/Frameworks";
				PRODUCT_NAME = "$(TARGET_NAME)";
			};
			name = Release;
		};
/* End XCBuildConfiguration section */

/* Begin XCConfigurationList section */
		C988834F1B58820D0049491C /* Build configuration list for PBXProject "Menu" */ = {
			isa = XCConfigurationList;
			buildConfigurations = (
				C98883661B58820D0049491C /* Debug */,
				C98883671B58820D0049491C /* Release */,
			);
			defaultConfigurationIsVisible = 0;
			defaultConfigurationName = Release;
		};
		C98883681B58820D0049491C /* Build configuration list for PBXNativeTarget "Menu" */ = {
			isa = XCConfigurationList;
			buildConfigurations = (
				C98883691B58820D0049491C /* Debug */,
				C988836A1B58820D0049491C /* Release */,
			);
			defaultConfigurationIsVisible = 0;
			defaultConfigurationName = Release;
		};
		C988836B1B58820D0049491C /* Build configuration list for PBXNativeTarget "MenuTests" */ = {
			isa = XCConfigurationList;
			buildConfigurations = (
				C988836C1B58820D0049491C /* Debug */,
				C988836D1B58820D0049491C /* Release */,
			);
			defaultConfigurationIsVisible = 0;
			defaultConfigurationName = Release;
		};
/* End XCConfigurationList section */
	};
	rootObject = C988834C1B58820D0049491C /* Project object */;
}
