// !$*UTF8*$!
{
	archiveVersion = 1;
	classes = {
	};
	objectVersion = 46;
	objects = {

/* Begin PBXBuildFile section */
		1AA84A57FEF8213DD45938C1 /* libPods-MenuTests.a in Frameworks */ = {isa = PBXBuildFile; fileRef = DD3AA4438BF1393D88B7061A /* libPods-MenuTests.a */; };
		958E4DFF15F11D518805F20C /* libPods-Menu.a in Frameworks */ = {isa = PBXBuildFile; fileRef = 7B78C1725A0BA1A773547C8B /* libPods-Menu.a */; };
		C9067A441B5C2835005FF260 /* BRMenuMappingPostProcessor.m in Sources */ = {isa = PBXBuildFile; fileRef = C9067A431B5C2835005FF260 /* BRMenuMappingPostProcessor.m */; };
		C9067A481B5C29BA005FF260 /* BRMenuMappingPostProcessorTests.m in Sources */ = {isa = PBXBuildFile; fileRef = C9067A471B5C29BA005FF260 /* BRMenuMappingPostProcessorTests.m */; };
		C9067A571B5C312F005FF260 /* menu.json in Resources */ = {isa = PBXBuildFile; fileRef = C9067A4B1B5C312F005FF260 /* menu.json */; };
		C9067A581B5C312F005FF260 /* menuitem.json in Resources */ = {isa = PBXBuildFile; fileRef = C9067A4C1B5C312F005FF260 /* menuitem.json */; };
		C9067A591B5C312F005FF260 /* menuitemcomponent.json in Resources */ = {isa = PBXBuildFile; fileRef = C9067A4D1B5C312F005FF260 /* menuitemcomponent.json */; };
		C9067A5A1B5C312F005FF260 /* menuitemcomponentgroup-nested.json in Resources */ = {isa = PBXBuildFile; fileRef = C9067A4E1B5C312F005FF260 /* menuitemcomponentgroup-nested.json */; };
		C9067A5B1B5C312F005FF260 /* menuitemcomponentgroup.json in Resources */ = {isa = PBXBuildFile; fileRef = C9067A4F1B5C312F005FF260 /* menuitemcomponentgroup.json */; };
		C9067A5C1B5C312F005FF260 /* menuitemgroup.json in Resources */ = {isa = PBXBuildFile; fileRef = C9067A501B5C312F005FF260 /* menuitemgroup.json */; };
		C9067A5D1B5C312F005FF260 /* menuitemtag.json in Resources */ = {isa = PBXBuildFile; fileRef = C9067A511B5C312F005FF260 /* menuitemtag.json */; };
		C9067A5E1B5C312F005FF260 /* menu-donuts.json in Resources */ = {isa = PBXBuildFile; fileRef = C9067A531B5C312F005FF260 /* menu-donuts.json */; };
		C9067A5F1B5C312F005FF260 /* menu-lunchstop.json in Resources */ = {isa = PBXBuildFile; fileRef = C9067A541B5C312F005FF260 /* menu-lunchstop.json */; };
		C9067A601B5C312F005FF260 /* menu-pizza.json in Resources */ = {isa = PBXBuildFile; fileRef = C9067A551B5C312F005FF260 /* menu-pizza.json */; };
		C9067A611B5C312F005FF260 /* menu-shakeshack.json in Resources */ = {isa = PBXBuildFile; fileRef = C9067A561B5C312F005FF260 /* menu-shakeshack.json */; };
		C9067A641B5C49FC005FF260 /* BRMenuRestKitMappingTests.m in Sources */ = {isa = PBXBuildFile; fileRef = C9067A631B5C49FC005FF260 /* BRMenuRestKitMappingTests.m */; };
		C9067A671B5C4B6C005FF260 /* BRMenuRestKitTestingSupport.m in Sources */ = {isa = PBXBuildFile; fileRef = C9067A661B5C4B6C005FF260 /* BRMenuRestKitTestingSupport.m */; };
		C9067A6A1B5C5491005FF260 /* BRMenuRestKitTestingMapper.m in Sources */ = {isa = PBXBuildFile; fileRef = C9067A691B5C5491005FF260 /* BRMenuRestKitTestingMapper.m */; };
		C9067A6D1B5C59F2005FF260 /* MobileCoreServices.framework in Frameworks */ = {isa = PBXBuildFile; fileRef = C9067A6C1B5C59F2005FF260 /* MobileCoreServices.framework */; };
		C9067A6E1B5C5A09005FF260 /* MobileCoreServices.framework in Frameworks */ = {isa = PBXBuildFile; fileRef = C9067A6C1B5C59F2005FF260 /* MobileCoreServices.framework */; };
		C98883601B58820D0049491C /* libMenu.a in Frameworks */ = {isa = PBXBuildFile; fileRef = C98883541B58820D0049491C /* libMenu.a */; };
		C988838B1B58832C0049491C /* BRMenu.m in Sources */ = {isa = PBXBuildFile; fileRef = C98883711B58832C0049491C /* BRMenu.m */; };
		C988838C1B58832C0049491C /* BRMenuItem.m in Sources */ = {isa = PBXBuildFile; fileRef = C98883731B58832C0049491C /* BRMenuItem.m */; };
		C988838D1B58832C0049491C /* BRMenuItemComponent.m in Sources */ = {isa = PBXBuildFile; fileRef = C98883751B58832C0049491C /* BRMenuItemComponent.m */; };
		C988838E1B58832C0049491C /* BRMenuItemComponentGroup.m in Sources */ = {isa = PBXBuildFile; fileRef = C98883771B58832C0049491C /* BRMenuItemComponentGroup.m */; };
		C988838F1B58832C0049491C /* BRMenuItemGroup.m in Sources */ = {isa = PBXBuildFile; fileRef = C98883791B58832C0049491C /* BRMenuItemGroup.m */; };
		C98883901B58832C0049491C /* BRMenuItemTag.m in Sources */ = {isa = PBXBuildFile; fileRef = C988837C1B58832C0049491C /* BRMenuItemTag.m */; };
		C98883911B58832C0049491C /* BRMenuOrder+Encoding.m in Sources */ = {isa = PBXBuildFile; fileRef = C98883801B58832C0049491C /* BRMenuOrder+Encoding.m */; };
		C98883921B58832C0049491C /* BRMenuOrder.m in Sources */ = {isa = PBXBuildFile; fileRef = C98883821B58832C0049491C /* BRMenuOrder.m */; };
		C98883931B58832C0049491C /* BRMenuOrderItem.m in Sources */ = {isa = PBXBuildFile; fileRef = C98883841B58832C0049491C /* BRMenuOrderItem.m */; };
		C98883941B58832C0049491C /* BRMenuOrderItemAttributes.m in Sources */ = {isa = PBXBuildFile; fileRef = C98883861B58832C0049491C /* BRMenuOrderItemAttributes.m */; };
		C98883951B58832C0049491C /* BRMenuOrderItemAttributesProxy.m in Sources */ = {isa = PBXBuildFile; fileRef = C98883881B58832C0049491C /* BRMenuOrderItemAttributesProxy.m */; };
		C98883961B58832C0049491C /* BRMenuOrderItemComponent.m in Sources */ = {isa = PBXBuildFile; fileRef = C988838A1B58832C0049491C /* BRMenuOrderItemComponent.m */; };
		C988839B1B5883A60049491C /* BRMenuOrderItemAttributesProxyTests.m in Sources */ = {isa = PBXBuildFile; fileRef = C98883991B5883A60049491C /* BRMenuOrderItemAttributesProxyTests.m */; };
		C988839C1B5883A60049491C /* BRMenuOrderItemTests.m in Sources */ = {isa = PBXBuildFile; fileRef = C988839A1B5883A60049491C /* BRMenuOrderItemTests.m */; };
		C98883A21B5885610049491C /* BRMenuMappingRestKit.m in Sources */ = {isa = PBXBuildFile; fileRef = C98883A11B5885610049491C /* BRMenuMappingRestKit.m */; };
		C98883A51B5886F00049491C /* BRMenuMappingRestKitPostProcessor.m in Sources */ = {isa = PBXBuildFile; fileRef = C98883A41B5886F00049491C /* BRMenuMappingRestKitPostProcessor.m */; };
/* End PBXBuildFile section */

/* Begin PBXContainerItemProxy section */
		C98883611B58820D0049491C /* PBXContainerItemProxy */ = {
			isa = PBXContainerItemProxy;
			containerPortal = C988834C1B58820D0049491C /* Project object */;
			proxyType = 1;
			remoteGlobalIDString = C98883531B58820D0049491C;
			remoteInfo = Menu;
		};
/* End PBXContainerItemProxy section */

/* Begin PBXCopyFilesBuildPhase section */
		C98883521B58820D0049491C /* CopyFiles */ = {
			isa = PBXCopyFilesBuildPhase;
			buildActionMask = 2147483647;
			dstPath = "include/$(PRODUCT_NAME)";
			dstSubfolderSpec = 16;
			files = (
			);
			runOnlyForDeploymentPostprocessing = 0;
		};
/* End PBXCopyFilesBuildPhase section */

/* Begin PBXFileReference section */
		7B78C1725A0BA1A773547C8B /* libPods-Menu.a */ = {isa = PBXFileReference; explicitFileType = archive.ar; includeInIndex = 0; path = "libPods-Menu.a"; sourceTree = BUILT_PRODUCTS_DIR; };
		7EEDB70F5466A7BAC95BC19E /* Pods-MenuTests.debug.xcconfig */ = {isa = PBXFileReference; includeInIndex = 1; lastKnownFileType = text.xcconfig; name = "Pods-MenuTests.debug.xcconfig"; path = "Pods/Target Support Files/Pods-MenuTests/Pods-MenuTests.debug.xcconfig"; sourceTree = "<group>"; };
		8C24D9343616C83D928D40D2 /* Pods-Menu.release.xcconfig */ = {isa = PBXFileReference; includeInIndex = 1; lastKnownFileType = text.xcconfig; name = "Pods-Menu.release.xcconfig"; path = "Pods/Target Support Files/Pods-Menu/Pods-Menu.release.xcconfig"; sourceTree = "<group>"; };
		BBC3F2F86A0E48FB00973123 /* Pods-Menu.debug.xcconfig */ = {isa = PBXFileReference; includeInIndex = 1; lastKnownFileType = text.xcconfig; name = "Pods-Menu.debug.xcconfig"; path = "Pods/Target Support Files/Pods-Menu/Pods-Menu.debug.xcconfig"; sourceTree = "<group>"; };
		C9067A421B5C2835005FF260 /* BRMenuMappingPostProcessor.h */ = {isa = PBXFileReference; fileEncoding = 4; lastKnownFileType = sourcecode.c.h; path = BRMenuMappingPostProcessor.h; sourceTree = "<group>"; };
		C9067A431B5C2835005FF260 /* BRMenuMappingPostProcessor.m */ = {isa = PBXFileReference; fileEncoding = 4; lastKnownFileType = sourcecode.c.objc; path = BRMenuMappingPostProcessor.m; sourceTree = "<group>"; };
		C9067A471B5C29BA005FF260 /* BRMenuMappingPostProcessorTests.m */ = {isa = PBXFileReference; fileEncoding = 4; lastKnownFileType = sourcecode.c.objc; path = BRMenuMappingPostProcessorTests.m; sourceTree = "<group>"; };
		C9067A4B1B5C312F005FF260 /* menu.json */ = {isa = PBXFileReference; fileEncoding = 4; lastKnownFileType = text.json; path = menu.json; sourceTree = "<group>"; };
		C9067A4C1B5C312F005FF260 /* menuitem.json */ = {isa = PBXFileReference; fileEncoding = 4; lastKnownFileType = text.json; path = menuitem.json; sourceTree = "<group>"; };
		C9067A4D1B5C312F005FF260 /* menuitemcomponent.json */ = {isa = PBXFileReference; fileEncoding = 4; lastKnownFileType = text.json; path = menuitemcomponent.json; sourceTree = "<group>"; };
		C9067A4E1B5C312F005FF260 /* menuitemcomponentgroup-nested.json */ = {isa = PBXFileReference; fileEncoding = 4; lastKnownFileType = text.json; path = "menuitemcomponentgroup-nested.json"; sourceTree = "<group>"; };
		C9067A4F1B5C312F005FF260 /* menuitemcomponentgroup.json */ = {isa = PBXFileReference; fileEncoding = 4; lastKnownFileType = text.json; path = menuitemcomponentgroup.json; sourceTree = "<group>"; };
		C9067A501B5C312F005FF260 /* menuitemgroup.json */ = {isa = PBXFileReference; fileEncoding = 4; lastKnownFileType = text.json; path = menuitemgroup.json; sourceTree = "<group>"; };
		C9067A511B5C312F005FF260 /* menuitemtag.json */ = {isa = PBXFileReference; fileEncoding = 4; lastKnownFileType = text.json; path = menuitemtag.json; sourceTree = "<group>"; };
		C9067A531B5C312F005FF260 /* menu-donuts.json */ = {isa = PBXFileReference; fileEncoding = 4; lastKnownFileType = text.json; path = "menu-donuts.json"; sourceTree = "<group>"; };
		C9067A541B5C312F005FF260 /* menu-lunchstop.json */ = {isa = PBXFileReference; fileEncoding = 4; lastKnownFileType = text.json; path = "menu-lunchstop.json"; sourceTree = "<group>"; };
		C9067A551B5C312F005FF260 /* menu-pizza.json */ = {isa = PBXFileReference; fileEncoding = 4; lastKnownFileType = text.json; path = "menu-pizza.json"; sourceTree = "<group>"; };
		C9067A561B5C312F005FF260 /* menu-shakeshack.json */ = {isa = PBXFileReference; fileEncoding = 4; lastKnownFileType = text.json; path = "menu-shakeshack.json"; sourceTree = "<group>"; };
		C9067A631B5C49FC005FF260 /* BRMenuRestKitMappingTests.m */ = {isa = PBXFileReference; fileEncoding = 4; lastKnownFileType = sourcecode.c.objc; path = BRMenuRestKitMappingTests.m; sourceTree = "<group>"; };
		C9067A651B5C4B6C005FF260 /* BRMenuRestKitTestingSupport.h */ = {isa = PBXFileReference; fileEncoding = 4; lastKnownFileType = sourcecode.c.h; path = BRMenuRestKitTestingSupport.h; sourceTree = "<group>"; };
		C9067A661B5C4B6C005FF260 /* BRMenuRestKitTestingSupport.m */ = {isa = PBXFileReference; fileEncoding = 4; lastKnownFileType = sourcecode.c.objc; path = BRMenuRestKitTestingSupport.m; sourceTree = "<group>"; };
		C9067A681B5C5491005FF260 /* BRMenuRestKitTestingMapper.h */ = {isa = PBXFileReference; fileEncoding = 4; lastKnownFileType = sourcecode.c.h; path = BRMenuRestKitTestingMapper.h; sourceTree = "<group>"; };
		C9067A691B5C5491005FF260 /* BRMenuRestKitTestingMapper.m */ = {isa = PBXFileReference; fileEncoding = 4; lastKnownFileType = sourcecode.c.objc; path = BRMenuRestKitTestingMapper.m; sourceTree = "<group>"; };
		C9067A6C1B5C59F2005FF260 /* MobileCoreServices.framework */ = {isa = PBXFileReference; lastKnownFileType = wrapper.framework; name = MobileCoreServices.framework; path = System/Library/Frameworks/MobileCoreServices.framework; sourceTree = SDKROOT; };
		C98883541B58820D0049491C /* libMenu.a */ = {isa = PBXFileReference; explicitFileType = archive.ar; includeInIndex = 0; path = libMenu.a; sourceTree = BUILT_PRODUCTS_DIR; };
		C988835F1B58820D0049491C /* MenuTests.xctest */ = {isa = PBXFileReference; explicitFileType = wrapper.cfbundle; includeInIndex = 0; path = MenuTests.xctest; sourceTree = BUILT_PRODUCTS_DIR; };
		C98883651B58820D0049491C /* Info.plist */ = {isa = PBXFileReference; lastKnownFileType = text.plist.xml; path = Info.plist; sourceTree = "<group>"; };
		C98883701B58832C0049491C /* BRMenu.h */ = {isa = PBXFileReference; fileEncoding = 4; lastKnownFileType = sourcecode.c.h; path = BRMenu.h; sourceTree = "<group>"; };
		C98883711B58832C0049491C /* BRMenu.m */ = {isa = PBXFileReference; fileEncoding = 4; lastKnownFileType = sourcecode.c.objc; path = BRMenu.m; sourceTree = "<group>"; };
		C98883721B58832C0049491C /* BRMenuItem.h */ = {isa = PBXFileReference; fileEncoding = 4; lastKnownFileType = sourcecode.c.h; path = BRMenuItem.h; sourceTree = "<group>"; };
		C98883731B58832C0049491C /* BRMenuItem.m */ = {isa = PBXFileReference; fileEncoding = 4; lastKnownFileType = sourcecode.c.objc; path = BRMenuItem.m; sourceTree = "<group>"; };
		C98883741B58832C0049491C /* BRMenuItemComponent.h */ = {isa = PBXFileReference; fileEncoding = 4; lastKnownFileType = sourcecode.c.h; path = BRMenuItemComponent.h; sourceTree = "<group>"; };
		C98883751B58832C0049491C /* BRMenuItemComponent.m */ = {isa = PBXFileReference; fileEncoding = 4; lastKnownFileType = sourcecode.c.objc; path = BRMenuItemComponent.m; sourceTree = "<group>"; };
		C98883761B58832C0049491C /* BRMenuItemComponentGroup.h */ = {isa = PBXFileReference; fileEncoding = 4; lastKnownFileType = sourcecode.c.h; path = BRMenuItemComponentGroup.h; sourceTree = "<group>"; };
		C98883771B58832C0049491C /* BRMenuItemComponentGroup.m */ = {isa = PBXFileReference; fileEncoding = 4; lastKnownFileType = sourcecode.c.objc; path = BRMenuItemComponentGroup.m; sourceTree = "<group>"; };
		C98883781B58832C0049491C /* BRMenuItemGroup.h */ = {isa = PBXFileReference; fileEncoding = 4; lastKnownFileType = sourcecode.c.h; path = BRMenuItemGroup.h; sourceTree = "<group>"; };
		C98883791B58832C0049491C /* BRMenuItemGroup.m */ = {isa = PBXFileReference; fileEncoding = 4; lastKnownFileType = sourcecode.c.objc; path = BRMenuItemGroup.m; sourceTree = "<group>"; };
		C988837A1B58832C0049491C /* BRMenuItemObject.h */ = {isa = PBXFileReference; fileEncoding = 4; lastKnownFileType = sourcecode.c.h; path = BRMenuItemObject.h; sourceTree = "<group>"; };
		C988837B1B58832C0049491C /* BRMenuItemTag.h */ = {isa = PBXFileReference; fileEncoding = 4; lastKnownFileType = sourcecode.c.h; path = BRMenuItemTag.h; sourceTree = "<group>"; };
		C988837C1B58832C0049491C /* BRMenuItemTag.m */ = {isa = PBXFileReference; fileEncoding = 4; lastKnownFileType = sourcecode.c.objc; path = BRMenuItemTag.m; sourceTree = "<group>"; };
		C988837D1B58832C0049491C /* BRMenuProvider.h */ = {isa = PBXFileReference; fileEncoding = 4; lastKnownFileType = sourcecode.c.h; path = BRMenuProvider.h; sourceTree = "<group>"; };
		C988837F1B58832C0049491C /* BRMenuOrder+Encoding.h */ = {isa = PBXFileReference; fileEncoding = 4; lastKnownFileType = sourcecode.c.h; path = "BRMenuOrder+Encoding.h"; sourceTree = "<group>"; };
		C98883801B58832C0049491C /* BRMenuOrder+Encoding.m */ = {isa = PBXFileReference; fileEncoding = 4; lastKnownFileType = sourcecode.c.objc; path = "BRMenuOrder+Encoding.m"; sourceTree = "<group>"; };
		C98883811B58832C0049491C /* BRMenuOrder.h */ = {isa = PBXFileReference; fileEncoding = 4; lastKnownFileType = sourcecode.c.h; path = BRMenuOrder.h; sourceTree = "<group>"; };
		C98883821B58832C0049491C /* BRMenuOrder.m */ = {isa = PBXFileReference; fileEncoding = 4; lastKnownFileType = sourcecode.c.objc; path = BRMenuOrder.m; sourceTree = "<group>"; };
		C98883831B58832C0049491C /* BRMenuOrderItem.h */ = {isa = PBXFileReference; fileEncoding = 4; lastKnownFileType = sourcecode.c.h; path = BRMenuOrderItem.h; sourceTree = "<group>"; };
		C98883841B58832C0049491C /* BRMenuOrderItem.m */ = {isa = PBXFileReference; fileEncoding = 4; lastKnownFileType = sourcecode.c.objc; path = BRMenuOrderItem.m; sourceTree = "<group>"; };
		C98883851B58832C0049491C /* BRMenuOrderItemAttributes.h */ = {isa = PBXFileReference; fileEncoding = 4; lastKnownFileType = sourcecode.c.h; path = BRMenuOrderItemAttributes.h; sourceTree = "<group>"; };
		C98883861B58832C0049491C /* BRMenuOrderItemAttributes.m */ = {isa = PBXFileReference; fileEncoding = 4; lastKnownFileType = sourcecode.c.objc; path = BRMenuOrderItemAttributes.m; sourceTree = "<group>"; };
		C98883871B58832C0049491C /* BRMenuOrderItemAttributesProxy.h */ = {isa = PBXFileReference; fileEncoding = 4; lastKnownFileType = sourcecode.c.h; path = BRMenuOrderItemAttributesProxy.h; sourceTree = "<group>"; };
		C98883881B58832C0049491C /* BRMenuOrderItemAttributesProxy.m */ = {isa = PBXFileReference; fileEncoding = 4; lastKnownFileType = sourcecode.c.objc; path = BRMenuOrderItemAttributesProxy.m; sourceTree = "<group>"; };
		C98883891B58832C0049491C /* BRMenuOrderItemComponent.h */ = {isa = PBXFileReference; fileEncoding = 4; lastKnownFileType = sourcecode.c.h; path = BRMenuOrderItemComponent.h; sourceTree = "<group>"; };
		C988838A1B58832C0049491C /* BRMenuOrderItemComponent.m */ = {isa = PBXFileReference; fileEncoding = 4; lastKnownFileType = sourcecode.c.objc; path = BRMenuOrderItemComponent.m; sourceTree = "<group>"; };
		C98883991B5883A60049491C /* BRMenuOrderItemAttributesProxyTests.m */ = {isa = PBXFileReference; fileEncoding = 4; lastKnownFileType = sourcecode.c.objc; path = BRMenuOrderItemAttributesProxyTests.m; sourceTree = "<group>"; };
		C988839A1B5883A60049491C /* BRMenuOrderItemTests.m */ = {isa = PBXFileReference; fileEncoding = 4; lastKnownFileType = sourcecode.c.objc; path = BRMenuOrderItemTests.m; sourceTree = "<group>"; };
		C98883A01B5885610049491C /* BRMenuMappingRestKit.h */ = {isa = PBXFileReference; fileEncoding = 4; lastKnownFileType = sourcecode.c.h; path = BRMenuMappingRestKit.h; sourceTree = "<group>"; };
		C98883A11B5885610049491C /* BRMenuMappingRestKit.m */ = {isa = PBXFileReference; fileEncoding = 4; lastKnownFileType = sourcecode.c.objc; path = BRMenuMappingRestKit.m; sourceTree = "<group>"; };
		C98883A31B5886F00049491C /* BRMenuMappingRestKitPostProcessor.h */ = {isa = PBXFileReference; fileEncoding = 4; lastKnownFileType = sourcecode.c.h; path = BRMenuMappingRestKitPostProcessor.h; sourceTree = "<group>"; };
		C98883A41B5886F00049491C /* BRMenuMappingRestKitPostProcessor.m */ = {isa = PBXFileReference; fileEncoding = 4; lastKnownFileType = sourcecode.c.objc; path = BRMenuMappingRestKitPostProcessor.m; sourceTree = "<group>"; };
		C998FE231E4544850D1A0FA7 /* Pods-MenuTests.release.xcconfig */ = {isa = PBXFileReference; includeInIndex = 1; lastKnownFileType = text.xcconfig; name = "Pods-MenuTests.release.xcconfig"; path = "Pods/Target Support Files/Pods-MenuTests/Pods-MenuTests.release.xcconfig"; sourceTree = "<group>"; };
		DD3AA4438BF1393D88B7061A /* libPods-MenuTests.a */ = {isa = PBXFileReference; explicitFileType = archive.ar; includeInIndex = 0; path = "libPods-MenuTests.a"; sourceTree = BUILT_PRODUCTS_DIR; };
/* End PBXFileReference section */

/* Begin PBXFrameworksBuildPhase section */
		C98883511B58820D0049491C /* Frameworks */ = {
			isa = PBXFrameworksBuildPhase;
			buildActionMask = 2147483647;
			files = (
				C9067A6D1B5C59F2005FF260 /* MobileCoreServices.framework in Frameworks */,
				958E4DFF15F11D518805F20C /* libPods-Menu.a in Frameworks */,
			);
			runOnlyForDeploymentPostprocessing = 0;
		};
		C988835C1B58820D0049491C /* Frameworks */ = {
			isa = PBXFrameworksBuildPhase;
			buildActionMask = 2147483647;
			files = (
				C9067A6E1B5C5A09005FF260 /* MobileCoreServices.framework in Frameworks */,
				C98883601B58820D0049491C /* libMenu.a in Frameworks */,
				1AA84A57FEF8213DD45938C1 /* libPods-MenuTests.a in Frameworks */,
			);
			runOnlyForDeploymentPostprocessing = 0;
		};
/* End PBXFrameworksBuildPhase section */

/* Begin PBXGroup section */
		2A16E78EFAAD79C4B1986541 /* Pods */ = {
			isa = PBXGroup;
			children = (
				BBC3F2F86A0E48FB00973123 /* Pods-Menu.debug.xcconfig */,
				8C24D9343616C83D928D40D2 /* Pods-Menu.release.xcconfig */,
				7EEDB70F5466A7BAC95BC19E /* Pods-MenuTests.debug.xcconfig */,
				C998FE231E4544850D1A0FA7 /* Pods-MenuTests.release.xcconfig */,
			);
			name = Pods;
			sourceTree = "<group>";
		};
		B8C012F0B29F65DA42C97EF9 /* Frameworks */ = {
			isa = PBXGroup;
			children = (
				C9067A6C1B5C59F2005FF260 /* MobileCoreServices.framework */,
				7B78C1725A0BA1A773547C8B /* libPods-Menu.a */,
				DD3AA4438BF1393D88B7061A /* libPods-MenuTests.a */,
			);
			name = Frameworks;
			sourceTree = "<group>";
		};
		C9067A401B5C2835005FF260 /* Core */ = {
			isa = PBXGroup;
			children = (
				C9067A411B5C2835005FF260 /* Menu */,
			);
			path = Core;
			sourceTree = "<group>";
		};
		C9067A411B5C2835005FF260 /* Menu */ = {
			isa = PBXGroup;
			children = (
				C9067A421B5C2835005FF260 /* BRMenuMappingPostProcessor.h */,
				C9067A431B5C2835005FF260 /* BRMenuMappingPostProcessor.m */,
			);
			path = Menu;
			sourceTree = "<group>";
		};
		C9067A451B5C29BA005FF260 /* Mapping */ = {
			isa = PBXGroup;
			children = (
				C9067A461B5C29BA005FF260 /* Core */,
				C9067A621B5C49FC005FF260 /* RestKit */,
			);
			path = Mapping;
			sourceTree = "<group>";
		};
		C9067A461B5C29BA005FF260 /* Core */ = {
			isa = PBXGroup;
			children = (
				C9067A471B5C29BA005FF260 /* BRMenuMappingPostProcessorTests.m */,
			);
			path = Core;
			sourceTree = "<group>";
		};
		C9067A491B5C312F005FF260 /* Resources */ = {
			isa = PBXGroup;
			children = (
				C9067A4A1B5C312F005FF260 /* Fragments */,
				C9067A521B5C312F005FF260 /* Menus */,
			);
			path = Resources;
			sourceTree = "<group>";
		};
		C9067A4A1B5C312F005FF260 /* Fragments */ = {
			isa = PBXGroup;
			children = (
				C9067A4B1B5C312F005FF260 /* menu.json */,
				C9067A4C1B5C312F005FF260 /* menuitem.json */,
				C9067A4D1B5C312F005FF260 /* menuitemcomponent.json */,
				C9067A4E1B5C312F005FF260 /* menuitemcomponentgroup-nested.json */,
				C9067A4F1B5C312F005FF260 /* menuitemcomponentgroup.json */,
				C9067A501B5C312F005FF260 /* menuitemgroup.json */,
				C9067A511B5C312F005FF260 /* menuitemtag.json */,
			);
			path = Fragments;
			sourceTree = "<group>";
		};
		C9067A521B5C312F005FF260 /* Menus */ = {
			isa = PBXGroup;
			children = (
				C9067A531B5C312F005FF260 /* menu-donuts.json */,
				C9067A541B5C312F005FF260 /* menu-lunchstop.json */,
				C9067A551B5C312F005FF260 /* menu-pizza.json */,
				C9067A561B5C312F005FF260 /* menu-shakeshack.json */,
			);
			path = Menus;
			sourceTree = "<group>";
		};
		C9067A621B5C49FC005FF260 /* RestKit */ = {
			isa = PBXGroup;
			children = (
				C9067A6B1B5C5836005FF260 /* Support */,
				C9067A631B5C49FC005FF260 /* BRMenuRestKitMappingTests.m */,
			);
			path = RestKit;
			sourceTree = "<group>";
		};
		C9067A6B1B5C5836005FF260 /* Support */ = {
			isa = PBXGroup;
			children = (
				C9067A681B5C5491005FF260 /* BRMenuRestKitTestingMapper.h */,
				C9067A691B5C5491005FF260 /* BRMenuRestKitTestingMapper.m */,
				C9067A651B5C4B6C005FF260 /* BRMenuRestKitTestingSupport.h */,
				C9067A661B5C4B6C005FF260 /* BRMenuRestKitTestingSupport.m */,
			);
			name = Support;
			sourceTree = "<group>";
		};
		C988834B1B58820D0049491C = {
			isa = PBXGroup;
			children = (
				C98883561B58820D0049491C /* Menu */,
				C98883631B58820D0049491C /* MenuTests */,
				C98883551B58820D0049491C /* Products */,
				2A16E78EFAAD79C4B1986541 /* Pods */,
				B8C012F0B29F65DA42C97EF9 /* Frameworks */,
			);
			sourceTree = "<group>";
		};
		C98883551B58820D0049491C /* Products */ = {
			isa = PBXGroup;
			children = (
				C98883541B58820D0049491C /* libMenu.a */,
				C988835F1B58820D0049491C /* MenuTests.xctest */,
			);
			name = Products;
			sourceTree = "<group>";
		};
		C98883561B58820D0049491C /* Menu */ = {
			isa = PBXGroup;
			children = (
				C988836E1B58832C0049491C /* Core */,
				C988839D1B5885610049491C /* Mapping */,
			);
			path = Menu;
			sourceTree = "<group>";
		};
		C98883631B58820D0049491C /* MenuTests */ = {
			isa = PBXGroup;
			children = (
				C98883971B5883A60049491C /* Core */,
				C9067A451B5C29BA005FF260 /* Mapping */,
				C9067A491B5C312F005FF260 /* Resources */,
				C98883641B58820D0049491C /* Supporting Files */,
			);
			path = MenuTests;
			sourceTree = "<group>";
		};
		C98883641B58820D0049491C /* Supporting Files */ = {
			isa = PBXGroup;
			children = (
				C98883651B58820D0049491C /* Info.plist */,
			);
			name = "Supporting Files";
			sourceTree = "<group>";
		};
		C988836E1B58832C0049491C /* Core */ = {
			isa = PBXGroup;
			children = (
				C988836F1B58832C0049491C /* Menu */,
				C988837E1B58832C0049491C /* Order */,
			);
			path = Core;
			sourceTree = SOURCE_ROOT;
		};
		C988836F1B58832C0049491C /* Menu */ = {
			isa = PBXGroup;
			children = (
				C98883701B58832C0049491C /* BRMenu.h */,
				C98883711B58832C0049491C /* BRMenu.m */,
				C98883721B58832C0049491C /* BRMenuItem.h */,
				C98883731B58832C0049491C /* BRMenuItem.m */,
				C98883741B58832C0049491C /* BRMenuItemComponent.h */,
				C98883751B58832C0049491C /* BRMenuItemComponent.m */,
				C98883761B58832C0049491C /* BRMenuItemComponentGroup.h */,
				C98883771B58832C0049491C /* BRMenuItemComponentGroup.m */,
				C98883781B58832C0049491C /* BRMenuItemGroup.h */,
				C98883791B58832C0049491C /* BRMenuItemGroup.m */,
				C988837A1B58832C0049491C /* BRMenuItemObject.h */,
				C988837B1B58832C0049491C /* BRMenuItemTag.h */,
				C988837C1B58832C0049491C /* BRMenuItemTag.m */,
				C988837D1B58832C0049491C /* BRMenuProvider.h */,
			);
			path = Menu;
			sourceTree = "<group>";
		};
		C988837E1B58832C0049491C /* Order */ = {
			isa = PBXGroup;
			children = (
				C988837F1B58832C0049491C /* BRMenuOrder+Encoding.h */,
				C98883801B58832C0049491C /* BRMenuOrder+Encoding.m */,
				C98883811B58832C0049491C /* BRMenuOrder.h */,
				C98883821B58832C0049491C /* BRMenuOrder.m */,
				C98883831B58832C0049491C /* BRMenuOrderItem.h */,
				C98883841B58832C0049491C /* BRMenuOrderItem.m */,
				C98883851B58832C0049491C /* BRMenuOrderItemAttributes.h */,
				C98883861B58832C0049491C /* BRMenuOrderItemAttributes.m */,
				C98883871B58832C0049491C /* BRMenuOrderItemAttributesProxy.h */,
				C98883881B58832C0049491C /* BRMenuOrderItemAttributesProxy.m */,
				C98883891B58832C0049491C /* BRMenuOrderItemComponent.h */,
				C988838A1B58832C0049491C /* BRMenuOrderItemComponent.m */,
			);
			path = Order;
			sourceTree = "<group>";
		};
		C98883971B5883A60049491C /* Core */ = {
			isa = PBXGroup;
			children = (
				C98883981B5883A60049491C /* Order */,
			);
			path = Core;
			sourceTree = "<group>";
		};
		C98883981B5883A60049491C /* Order */ = {
			isa = PBXGroup;
			children = (
				C98883991B5883A60049491C /* BRMenuOrderItemAttributesProxyTests.m */,
				C988839A1B5883A60049491C /* BRMenuOrderItemTests.m */,
			);
			path = Order;
			sourceTree = "<group>";
		};
		C988839D1B5885610049491C /* Mapping */ = {
			isa = PBXGroup;
			children = (
				C9067A401B5C2835005FF260 /* Core */,
				C988839E1B5885610049491C /* RestKit */,
			);
			path = Mapping;
			sourceTree = SOURCE_ROOT;
		};
		C988839E1B5885610049491C /* RestKit */ = {
			isa = PBXGroup;
			children = (
				C988839F1B5885610049491C /* Menu */,
			);
			path = RestKit;
			sourceTree = "<group>";
		};
		C988839F1B5885610049491C /* Menu */ = {
			isa = PBXGroup;
			children = (
				C98883A01B5885610049491C /* BRMenuMappingRestKit.h */,
				C98883A11B5885610049491C /* BRMenuMappingRestKit.m */,
				C98883A31B5886F00049491C /* BRMenuMappingRestKitPostProcessor.h */,
				C98883A41B5886F00049491C /* BRMenuMappingRestKitPostProcessor.m */,
			);
			path = Menu;
			sourceTree = "<group>";
		};
/* End PBXGroup section */

/* Begin PBXNativeTarget section */
		C98883531B58820D0049491C /* Menu */ = {
			isa = PBXNativeTarget;
			buildConfigurationList = C98883681B58820D0049491C /* Build configuration list for PBXNativeTarget "Menu" */;
			buildPhases = (
				9FB4A62175C399281C34FB70 /* Check Pods Manifest.lock */,
				C98883501B58820D0049491C /* Sources */,
				C98883511B58820D0049491C /* Frameworks */,
				C98883521B58820D0049491C /* CopyFiles */,
				2E1E1A723591A807F8735485 /* Copy Pods Resources */,
			);
			buildRules = (
			);
			dependencies = (
			);
			name = Menu;
			productName = Menu;
			productReference = C98883541B58820D0049491C /* libMenu.a */;
			productType = "com.apple.product-type.library.static";
		};
		C988835E1B58820D0049491C /* MenuTests */ = {
			isa = PBXNativeTarget;
			buildConfigurationList = C988836B1B58820D0049491C /* Build configuration list for PBXNativeTarget "MenuTests" */;
			buildPhases = (
				7A40F06EC2F49F2DC2CF3B2E /* Check Pods Manifest.lock */,
				C988835B1B58820D0049491C /* Sources */,
				C988835C1B58820D0049491C /* Frameworks */,
				C988835D1B58820D0049491C /* Resources */,
				1F2899E048A1C5D57ADA97FA /* Copy Pods Resources */,
			);
			buildRules = (
			);
			dependencies = (
				C98883621B58820D0049491C /* PBXTargetDependency */,
			);
			name = MenuTests;
			productName = MenuTests;
			productReference = C988835F1B58820D0049491C /* MenuTests.xctest */;
			productType = "com.apple.product-type.bundle.unit-test";
		};
/* End PBXNativeTarget section */

/* Begin PBXProject section */
		C988834C1B58820D0049491C /* Project object */ = {
			isa = PBXProject;
			attributes = {
				LastUpgradeCheck = 0640;
				ORGANIZATIONNAME = "Blue Rocket";
				TargetAttributes = {
					C98883531B58820D0049491C = {
						CreatedOnToolsVersion = 6.4;
					};
					C988835E1B58820D0049491C = {
						CreatedOnToolsVersion = 6.4;
					};
				};
			};
			buildConfigurationList = C988834F1B58820D0049491C /* Build configuration list for PBXProject "Menu" */;
			compatibilityVersion = "Xcode 3.2";
			developmentRegion = English;
			hasScannedForEncodings = 0;
			knownRegions = (
				en,
			);
			mainGroup = C988834B1B58820D0049491C;
			productRefGroup = C98883551B58820D0049491C /* Products */;
			projectDirPath = "";
			projectRoot = "";
			targets = (
				C98883531B58820D0049491C /* Menu */,
				C988835E1B58820D0049491C /* MenuTests */,
			);
		};
/* End PBXProject section */

/* Begin PBXResourcesBuildPhase section */
		C988835D1B58820D0049491C /* Resources */ = {
			isa = PBXResourcesBuildPhase;
			buildActionMask = 2147483647;
			files = (
				C9067A5D1B5C312F005FF260 /* menuitemtag.json in Resources */,
				C9067A601B5C312F005FF260 /* menu-pizza.json in Resources */,
				C9067A571B5C312F005FF260 /* menu.json in Resources */,
				C9067A611B5C312F005FF260 /* menu-shakeshack.json in Resources */,
				C9067A581B5C312F005FF260 /* menuitem.json in Resources */,
				C9067A5A1B5C312F005FF260 /* menuitemcomponentgroup-nested.json in Resources */,
				C9067A5C1B5C312F005FF260 /* menuitemgroup.json in Resources */,
				C9067A5F1B5C312F005FF260 /* menu-lunchstop.json in Resources */,
				C9067A5B1B5C312F005FF260 /* menuitemcomponentgroup.json in Resources */,
				C9067A591B5C312F005FF260 /* menuitemcomponent.json in Resources */,
				C9067A5E1B5C312F005FF260 /* menu-donuts.json in Resources */,
			);
			runOnlyForDeploymentPostprocessing = 0;
		};
/* End PBXResourcesBuildPhase section */

/* Begin PBXShellScriptBuildPhase section */
		1F2899E048A1C5D57ADA97FA /* Copy Pods Resources */ = {
			isa = PBXShellScriptBuildPhase;
			buildActionMask = 2147483647;
			files = (
			);
			inputPaths = (
			);
			name = "Copy Pods Resources";
			outputPaths = (
			);
			runOnlyForDeploymentPostprocessing = 0;
			shellPath = /bin/sh;
			shellScript = "\"${SRCROOT}/Pods/Target Support Files/Pods-MenuTests/Pods-MenuTests-resources.sh\"\n";
			showEnvVarsInLog = 0;
		};
		2E1E1A723591A807F8735485 /* Copy Pods Resources */ = {
			isa = PBXShellScriptBuildPhase;
			buildActionMask = 2147483647;
			files = (
			);
			inputPaths = (
			);
			name = "Copy Pods Resources";
			outputPaths = (
			);
			runOnlyForDeploymentPostprocessing = 0;
			shellPath = /bin/sh;
			shellScript = "\"${SRCROOT}/Pods/Target Support Files/Pods-Menu/Pods-Menu-resources.sh\"\n";
			showEnvVarsInLog = 0;
		};
		7A40F06EC2F49F2DC2CF3B2E /* Check Pods Manifest.lock */ = {
			isa = PBXShellScriptBuildPhase;
			buildActionMask = 2147483647;
			files = (
			);
			inputPaths = (
			);
			name = "Check Pods Manifest.lock";
			outputPaths = (
			);
			runOnlyForDeploymentPostprocessing = 0;
			shellPath = /bin/sh;
			shellScript = "diff \"${PODS_ROOT}/../Podfile.lock\" \"${PODS_ROOT}/Manifest.lock\" > /dev/null\nif [[ $? != 0 ]] ; then\n    cat << EOM\nerror: The sandbox is not in sync with the Podfile.lock. Run 'pod install' or update your CocoaPods installation.\nEOM\n    exit 1\nfi\n";
			showEnvVarsInLog = 0;
		};
		9FB4A62175C399281C34FB70 /* Check Pods Manifest.lock */ = {
			isa = PBXShellScriptBuildPhase;
			buildActionMask = 2147483647;
			files = (
			);
			inputPaths = (
			);
			name = "Check Pods Manifest.lock";
			outputPaths = (
			);
			runOnlyForDeploymentPostprocessing = 0;
			shellPath = /bin/sh;
			shellScript = "diff \"${PODS_ROOT}/../Podfile.lock\" \"${PODS_ROOT}/Manifest.lock\" > /dev/null\nif [[ $? != 0 ]] ; then\n    cat << EOM\nerror: The sandbox is not in sync with the Podfile.lock. Run 'pod install' or update your CocoaPods installation.\nEOM\n    exit 1\nfi\n";
			showEnvVarsInLog = 0;
		};
/* End PBXShellScriptBuildPhase section */

/* Begin PBXSourcesBuildPhase section */
		C98883501B58820D0049491C /* Sources */ = {
			isa = PBXSourcesBuildPhase;
			buildActionMask = 2147483647;
			files = (
				C98883961B58832C0049491C /* BRMenuOrderItemComponent.m in Sources */,
				C988838D1B58832C0049491C /* BRMenuItemComponent.m in Sources */,
				C988838F1B58832C0049491C /* BRMenuItemGroup.m in Sources */,
				C988838E1B58832C0049491C /* BRMenuItemComponentGroup.m in Sources */,
				C98883931B58832C0049491C /* BRMenuOrderItem.m in Sources */,
				C9067A441B5C2835005FF260 /* BRMenuMappingPostProcessor.m in Sources */,
				C98883911B58832C0049491C /* BRMenuOrder+Encoding.m in Sources */,
				C98883941B58832C0049491C /* BRMenuOrderItemAttributes.m in Sources */,
				C988838B1B58832C0049491C /* BRMenu.m in Sources */,
				C98883921B58832C0049491C /* BRMenuOrder.m in Sources */,
				C98883A51B5886F00049491C /* BRMenuMappingRestKitPostProcessor.m in Sources */,
				C98883901B58832C0049491C /* BRMenuItemTag.m in Sources */,
				C98883951B58832C0049491C /* BRMenuOrderItemAttributesProxy.m in Sources */,
				C988838C1B58832C0049491C /* BRMenuItem.m in Sources */,
				C98883A21B5885610049491C /* BRMenuMappingRestKit.m in Sources */,
			);
			runOnlyForDeploymentPostprocessing = 0;
		};
		C988835B1B58820D0049491C /* Sources */ = {
			isa = PBXSourcesBuildPhase;
			buildActionMask = 2147483647;
			files = (
				C9067A671B5C4B6C005FF260 /* BRMenuRestKitTestingSupport.m in Sources */,
				C9067A641B5C49FC005FF260 /* BRMenuRestKitMappingTests.m in Sources */,
				C988839C1B5883A60049491C /* BRMenuOrderItemTests.m in Sources */,
				C9067A6A1B5C5491005FF260 /* BRMenuRestKitTestingMapper.m in Sources */,
				C988839B1B5883A60049491C /* BRMenuOrderItemAttributesProxyTests.m in Sources */,
				C9067A481B5C29BA005FF260 /* BRMenuMappingPostProcessorTests.m in Sources */,
			);
			runOnlyForDeploymentPostprocessing = 0;
		};
/* End PBXSourcesBuildPhase section */

/* Begin PBXTargetDependency section */
		C98883621B58820D0049491C /* PBXTargetDependency */ = {
			isa = PBXTargetDependency;
			target = C98883531B58820D0049491C /* Menu */;
			targetProxy = C98883611B58820D0049491C /* PBXContainerItemProxy */;
		};
/* End PBXTargetDependency section */

/* Begin XCBuildConfiguration section */
		C98883661B58820D0049491C /* Debug */ = {
			isa = XCBuildConfiguration;
			buildSettings = {
				ALWAYS_SEARCH_USER_PATHS = NO;
				CLANG_CXX_LANGUAGE_STANDARD = "gnu++0x";
				CLANG_CXX_LIBRARY = "libc++";
				CLANG_ENABLE_MODULES = YES;
				CLANG_ENABLE_OBJC_ARC = YES;
				CLANG_WARN_BOOL_CONVERSION = YES;
				CLANG_WARN_CONSTANT_CONVERSION = YES;
				CLANG_WARN_DIRECT_OBJC_ISA_USAGE = YES_ERROR;
				CLANG_WARN_EMPTY_BODY = YES;
				CLANG_WARN_ENUM_CONVERSION = YES;
				CLANG_WARN_INT_CONVERSION = YES;
				CLANG_WARN_OBJC_ROOT_CLASS = YES_ERROR;
				CLANG_WARN_UNREACHABLE_CODE = YES;
				CLANG_WARN__DUPLICATE_METHOD_MATCH = YES;
				COPY_PHASE_STRIP = NO;
				DEBUG_INFORMATION_FORMAT = "dwarf-with-dsym";
				ENABLE_STRICT_OBJC_MSGSEND = YES;
				GCC_C_LANGUAGE_STANDARD = gnu99;
				GCC_DYNAMIC_NO_PIC = NO;
				GCC_NO_COMMON_BLOCKS = YES;
				GCC_OPTIMIZATION_LEVEL = 0;
				GCC_PREPROCESSOR_DEFINITIONS = (
					"DEBUG=1",
					"$(inherited)",
				);
				GCC_SYMBOLS_PRIVATE_EXTERN = NO;
				GCC_WARN_64_TO_32_BIT_CONVERSION = YES;
				GCC_WARN_ABOUT_RETURN_TYPE = YES_ERROR;
				GCC_WARN_UNDECLARED_SELECTOR = YES;
				GCC_WARN_UNINITIALIZED_AUTOS = YES_AGGRESSIVE;
				GCC_WARN_UNUSED_FUNCTION = YES;
				GCC_WARN_UNUSED_VARIABLE = YES;
				IPHONEOS_DEPLOYMENT_TARGET = 8.4;
				MTL_ENABLE_DEBUG_INFO = YES;
				ONLY_ACTIVE_ARCH = YES;
				SDKROOT = iphoneos;
			};
			name = Debug;
		};
		C98883671B58820D0049491C /* Release */ = {
			isa = XCBuildConfiguration;
			buildSettings = {
				ALWAYS_SEARCH_USER_PATHS = NO;
				CLANG_CXX_LANGUAGE_STANDARD = "gnu++0x";
				CLANG_CXX_LIBRARY = "libc++";
				CLANG_ENABLE_MODULES = YES;
				CLANG_ENABLE_OBJC_ARC = YES;
				CLANG_WARN_BOOL_CONVERSION = YES;
				CLANG_WARN_CONSTANT_CONVERSION = YES;
				CLANG_WARN_DIRECT_OBJC_ISA_USAGE = YES_ERROR;
				CLANG_WARN_EMPTY_BODY = YES;
				CLANG_WARN_ENUM_CONVERSION = YES;
				CLANG_WARN_INT_CONVERSION = YES;
				CLANG_WARN_OBJC_ROOT_CLASS = YES_ERROR;
				CLANG_WARN_UNREACHABLE_CODE = YES;
				CLANG_WARN__DUPLICATE_METHOD_MATCH = YES;
				COPY_PHASE_STRIP = NO;
				DEBUG_INFORMATION_FORMAT = "dwarf-with-dsym";
				ENABLE_NS_ASSERTIONS = NO;
				ENABLE_STRICT_OBJC_MSGSEND = YES;
				GCC_C_LANGUAGE_STANDARD = gnu99;
				GCC_NO_COMMON_BLOCKS = YES;
				GCC_WARN_64_TO_32_BIT_CONVERSION = YES;
				GCC_WARN_ABOUT_RETURN_TYPE = YES_ERROR;
				GCC_WARN_UNDECLARED_SELECTOR = YES;
				GCC_WARN_UNINITIALIZED_AUTOS = YES_AGGRESSIVE;
				GCC_WARN_UNUSED_FUNCTION = YES;
				GCC_WARN_UNUSED_VARIABLE = YES;
				IPHONEOS_DEPLOYMENT_TARGET = 8.4;
				MTL_ENABLE_DEBUG_INFO = NO;
				SDKROOT = iphoneos;
				VALIDATE_PRODUCT = YES;
			};
			name = Release;
		};
		C98883691B58820D0049491C /* Debug */ = {
			isa = XCBuildConfiguration;
			baseConfigurationReference = BBC3F2F86A0E48FB00973123 /* Pods-Menu.debug.xcconfig */;
			buildSettings = {
				OTHER_LDFLAGS = (
					"-ObjC",
					"$(inherited)",
				);
				PRODUCT_NAME = "$(TARGET_NAME)";
				SKIP_INSTALL = YES;
			};
			name = Debug;
		};
		C988836A1B58820D0049491C /* Release */ = {
			isa = XCBuildConfiguration;
			baseConfigurationReference = 8C24D9343616C83D928D40D2 /* Pods-Menu.release.xcconfig */;
			buildSettings = {
				OTHER_LDFLAGS = (
					"-ObjC",
					"$(inherited)",
				);
				PRODUCT_NAME = "$(TARGET_NAME)";
				SKIP_INSTALL = YES;
			};
			name = Release;
		};
		C988836C1B58820D0049491C /* Debug */ = {
			isa = XCBuildConfiguration;
			baseConfigurationReference = 7EEDB70F5466A7BAC95BC19E /* Pods-MenuTests.debug.xcconfig */;
			buildSettings = {
				"CODE_SIGN_IDENTITY[sdk=iphoneos*]" = "iPhone Developer";
				FRAMEWORK_SEARCH_PATHS = (
					"$(SDKROOT)/Developer/Library/Frameworks",
					"$(inherited)",
				);
				GCC_PREPROCESSOR_DEFINITIONS = (
					"DEBUG=1",
					"$(inherited)",
				);
				INFOPLIST_FILE = MenuTests/Info.plist;
				LD_RUNPATH_SEARCH_PATHS = "$(inherited) @executable_path/Frameworks @loader_path/Frameworks";
				PRODUCT_NAME = "$(TARGET_NAME)";
			};
			name = Debug;
		};
		C988836D1B58820D0049491C /* Release */ = {
			isa = XCBuildConfiguration;
			baseConfigurationReference = C998FE231E4544850D1A0FA7 /* Pods-MenuTests.release.xcconfig */;
			buildSettings = {
				"CODE_SIGN_IDENTITY[sdk=iphoneos*]" = "iPhone Developer";
				FRAMEWORK_SEARCH_PATHS = (
					"$(SDKROOT)/Developer/Library/Frameworks",
					"$(inherited)",
				);
				INFOPLIST_FILE = MenuTests/Info.plist;
				LD_RUNPATH_SEARCH_PATHS = "$(inherited) @executable_path/Frameworks @loader_path/Frameworks";
				PRODUCT_NAME = "$(TARGET_NAME)";
			};
			name = Release;
		};
/* End XCBuildConfiguration section */

/* Begin XCConfigurationList section */
		C988834F1B58820D0049491C /* Build configuration list for PBXProject "Menu" */ = {
			isa = XCConfigurationList;
			buildConfigurations = (
				C98883661B58820D0049491C /* Debug */,
				C98883671B58820D0049491C /* Release */,
			);
			defaultConfigurationIsVisible = 0;
			defaultConfigurationName = Release;
		};
		C98883681B58820D0049491C /* Build configuration list for PBXNativeTarget "Menu" */ = {
			isa = XCConfigurationList;
			buildConfigurations = (
				C98883691B58820D0049491C /* Debug */,
				C988836A1B58820D0049491C /* Release */,
			);
			defaultConfigurationIsVisible = 0;
			defaultConfigurationName = Release;
		};
		C988836B1B58820D0049491C /* Build configuration list for PBXNativeTarget "MenuTests" */ = {
			isa = XCConfigurationList;
			buildConfigurations = (
				C988836C1B58820D0049491C /* Debug */,
				C988836D1B58820D0049491C /* Release */,
			);
			defaultConfigurationIsVisible = 0;
			defaultConfigurationName = Release;
		};
/* End XCConfigurationList section */
	};
	rootObject = C988834C1B58820D0049491C /* Project object */;
}
